// !$*UTF8*$!
{
	archiveVersion = 1;
	classes = {
	};
	objectVersion = 46;
	objects = {

/* Begin PBXBuildFile section */
		3ED661881B8488C50030BB3F /* CommonSqlite.m in Sources */ = {isa = PBXBuildFile; fileRef = 3ED661871B8488C50030BB3F /* CommonSqlite.m */; };
		4D35B3481B6BC7C600EA67C2 /* main.m in Sources */ = {isa = PBXBuildFile; fileRef = 4D35B3471B6BC7C600EA67C2 /* main.m */; };
		4D35B34B1B6BC7C600EA67C2 /* AppDelegate.m in Sources */ = {isa = PBXBuildFile; fileRef = 4D35B34A1B6BC7C600EA67C2 /* AppDelegate.m */; };
		4D35B3651B6BC7C600EA67C2 /* LazzyBeeTests.m in Sources */ = {isa = PBXBuildFile; fileRef = 4D35B3641B6BC7C600EA67C2 /* LazzyBeeTests.m */; };
		4D7C283B1BABB6CB005B274E /* GTLBase64.m in Sources */ = {isa = PBXBuildFile; fileRef = 4D7C28091BABB6CB005B274E /* GTLBase64.m */; settings = {COMPILER_FLAGS = "-fno-objc-arc"; }; };
		4D7C283C1BABB6CB005B274E /* GTLBatchQuery.m in Sources */ = {isa = PBXBuildFile; fileRef = 4D7C280B1BABB6CB005B274E /* GTLBatchQuery.m */; settings = {COMPILER_FLAGS = "-fno-objc-arc"; }; };
		4D7C283D1BABB6CB005B274E /* GTLBatchResult.m in Sources */ = {isa = PBXBuildFile; fileRef = 4D7C280D1BABB6CB005B274E /* GTLBatchResult.m */; settings = {COMPILER_FLAGS = "-fno-objc-arc"; }; };
		4D7C283E1BABB6CB005B274E /* GTLDateTime.m in Sources */ = {isa = PBXBuildFile; fileRef = 4D7C280F1BABB6CB005B274E /* GTLDateTime.m */; settings = {COMPILER_FLAGS = "-fno-objc-arc"; }; };
		4D7C283F1BABB6CB005B274E /* GTLErrorObject.m in Sources */ = {isa = PBXBuildFile; fileRef = 4D7C28121BABB6CB005B274E /* GTLErrorObject.m */; settings = {COMPILER_FLAGS = "-fno-objc-arc"; }; };
		4D7C28401BABB6CB005B274E /* GTLFramework.m in Sources */ = {isa = PBXBuildFile; fileRef = 4D7C28141BABB6CB005B274E /* GTLFramework.m */; settings = {COMPILER_FLAGS = "-fno-objc-arc"; }; };
		4D7C28411BABB6CB005B274E /* GTLJSONParser.m in Sources */ = {isa = PBXBuildFile; fileRef = 4D7C28161BABB6CB005B274E /* GTLJSONParser.m */; settings = {COMPILER_FLAGS = "-fno-objc-arc"; }; };
		4D7C28421BABB6CB005B274E /* GTLObject.m in Sources */ = {isa = PBXBuildFile; fileRef = 4D7C28181BABB6CB005B274E /* GTLObject.m */; settings = {COMPILER_FLAGS = "-fno-objc-arc"; }; };
		4D7C28431BABB6CB005B274E /* GTLQuery.m in Sources */ = {isa = PBXBuildFile; fileRef = 4D7C281A1BABB6CB005B274E /* GTLQuery.m */; settings = {COMPILER_FLAGS = "-fno-objc-arc"; }; };
		4D7C28441BABB6CB005B274E /* GTLRuntimeCommon.m in Sources */ = {isa = PBXBuildFile; fileRef = 4D7C281C1BABB6CB005B274E /* GTLRuntimeCommon.m */; settings = {COMPILER_FLAGS = "-fno-objc-arc"; }; };
		4D7C28451BABB6CB005B274E /* GTLService.m in Sources */ = {isa = PBXBuildFile; fileRef = 4D7C281E1BABB6CB005B274E /* GTLService.m */; settings = {COMPILER_FLAGS = "-fno-objc-arc"; }; };
		4D7C28461BABB6CB005B274E /* GTLUploadParameters.m in Sources */ = {isa = PBXBuildFile; fileRef = 4D7C28211BABB6CB005B274E /* GTLUploadParameters.m */; settings = {COMPILER_FLAGS = "-fno-objc-arc"; }; };
		4D7C28471BABB6CB005B274E /* GTLUtilities.m in Sources */ = {isa = PBXBuildFile; fileRef = 4D7C28231BABB6CB005B274E /* GTLUtilities.m */; settings = {COMPILER_FLAGS = "-fno-objc-arc"; }; };
		4D7C28481BABB6CB005B274E /* GTMGatherInputStream.m in Sources */ = {isa = PBXBuildFile; fileRef = 4D7C28251BABB6CB005B274E /* GTMGatherInputStream.m */; settings = {COMPILER_FLAGS = "-fno-objc-arc"; }; };
		4D7C28491BABB6CB005B274E /* GTMHTTPFetcher.m in Sources */ = {isa = PBXBuildFile; fileRef = 4D7C28271BABB6CB005B274E /* GTMHTTPFetcher.m */; settings = {COMPILER_FLAGS = "-fno-objc-arc"; }; };
		4D7C284A1BABB6CB005B274E /* GTMHTTPFetcherLogging.m in Sources */ = {isa = PBXBuildFile; fileRef = 4D7C28291BABB6CB005B274E /* GTMHTTPFetcherLogging.m */; settings = {COMPILER_FLAGS = "-fno-objc-arc"; }; };
		4D7C284B1BABB6CB005B274E /* GTMHTTPFetcherService.m in Sources */ = {isa = PBXBuildFile; fileRef = 4D7C282B1BABB6CB005B274E /* GTMHTTPFetcherService.m */; settings = {COMPILER_FLAGS = "-fno-objc-arc"; }; };
		4D7C284C1BABB6CB005B274E /* GTMHTTPFetchHistory.m in Sources */ = {isa = PBXBuildFile; fileRef = 4D7C282D1BABB6CB005B274E /* GTMHTTPFetchHistory.m */; settings = {COMPILER_FLAGS = "-fno-objc-arc"; }; };
		4D7C284D1BABB6CB005B274E /* GTMHTTPUploadFetcher.m in Sources */ = {isa = PBXBuildFile; fileRef = 4D7C282F1BABB6CB005B274E /* GTMHTTPUploadFetcher.m */; settings = {COMPILER_FLAGS = "-fno-objc-arc"; }; };
		4D7C284E1BABB6CB005B274E /* GTMMIMEDocument.m in Sources */ = {isa = PBXBuildFile; fileRef = 4D7C28311BABB6CB005B274E /* GTMMIMEDocument.m */; settings = {COMPILER_FLAGS = "-fno-objc-arc"; }; };
		4D7C284F1BABB6CB005B274E /* GTMOAuth2Authentication.m in Sources */ = {isa = PBXBuildFile; fileRef = 4D7C28331BABB6CB005B274E /* GTMOAuth2Authentication.m */; settings = {COMPILER_FLAGS = "-fno-objc-arc"; }; };
		4D7C28501BABB6CB005B274E /* GTMOAuth2SignIn.m in Sources */ = {isa = PBXBuildFile; fileRef = 4D7C28351BABB6CB005B274E /* GTMOAuth2SignIn.m */; settings = {COMPILER_FLAGS = "-fno-objc-arc"; }; };
		4D7C28511BABB6CB005B274E /* GTMOAuth2ViewControllerTouch.m in Sources */ = {isa = PBXBuildFile; fileRef = 4D7C28371BABB6CB005B274E /* GTMOAuth2ViewControllerTouch.m */; settings = {COMPILER_FLAGS = "-fno-objc-arc"; }; };
		4D7C28521BABB6CB005B274E /* GTMOAuth2ViewTouch.xib in Resources */ = {isa = PBXBuildFile; fileRef = 4D7C28381BABB6CB005B274E /* GTMOAuth2ViewTouch.xib */; };
		4D7C28531BABB6CB005B274E /* GTMReadMonitorInputStream.m in Sources */ = {isa = PBXBuildFile; fileRef = 4D7C283A1BABB6CB005B274E /* GTMReadMonitorInputStream.m */; settings = {COMPILER_FLAGS = "-fno-objc-arc"; }; };
		4DD3C3731B6F18D700B6DA71 /* RearTableViewCell.m in Sources */ = {isa = PBXBuildFile; fileRef = 4DD3C36B1B6F18D700B6DA71 /* RearTableViewCell.m */; };
		4DD3C3741B6F18D700B6DA71 /* RearTableViewCell.xib in Resources */ = {isa = PBXBuildFile; fileRef = 4DD3C36C1B6F18D700B6DA71 /* RearTableViewCell.xib */; };
		4DD3C3751B6F18D700B6DA71 /* RearViewController.m in Sources */ = {isa = PBXBuildFile; fileRef = 4DD3C36E1B6F18D700B6DA71 /* RearViewController.m */; };
		4DD3C3761B6F18D700B6DA71 /* RearViewController.xib in Resources */ = {isa = PBXBuildFile; fileRef = 4DD3C36F1B6F18D700B6DA71 /* RearViewController.xib */; };
		4DD3C3771B6F18D700B6DA71 /* SubRearViewController.m in Sources */ = {isa = PBXBuildFile; fileRef = 4DD3C3711B6F18D700B6DA71 /* SubRearViewController.m */; };
		4DD3C3781B6F18D700B6DA71 /* SubRearViewController.xib in Resources */ = {isa = PBXBuildFile; fileRef = 4DD3C3721B6F18D700B6DA71 /* SubRearViewController.xib */; };
		4DD3C3971B6F191C00B6DA71 /* AsyncImageView.m in Sources */ = {isa = PBXBuildFile; fileRef = 4DD3C37C1B6F191C00B6DA71 /* AsyncImageView.m */; };
		4DD3C3981B6F191C00B6DA71 /* LICENCE.md in Sources */ = {isa = PBXBuildFile; fileRef = 4DD3C37D1B6F191C00B6DA71 /* LICENCE.md */; };
		4DD3C3991B6F191C00B6DA71 /* Bolts.framework in Frameworks */ = {isa = PBXBuildFile; fileRef = 4DD3C37F1B6F191C00B6DA71 /* Bolts.framework */; };
		4DD3C39A1B6F191C00B6DA71 /* FacebookSDK.strings in Resources */ = {isa = PBXBuildFile; fileRef = 4DD3C3801B6F191C00B6DA71 /* FacebookSDK.strings */; };
		4DD3C39B1B6F191C00B6DA71 /* FBAudienceNetwork.framework in Frameworks */ = {isa = PBXBuildFile; fileRef = 4DD3C3811B6F191C00B6DA71 /* FBAudienceNetwork.framework */; };
		4DD3C39C1B6F191C00B6DA71 /* FBAudienceNetwork.README.txt in Resources */ = {isa = PBXBuildFile; fileRef = 4DD3C3821B6F191C00B6DA71 /* FBAudienceNetwork.README.txt */; };
		4DD3C39D1B6F191C00B6DA71 /* FBSDKCoreKit.framework in Frameworks */ = {isa = PBXBuildFile; fileRef = 4DD3C3831B6F191C00B6DA71 /* FBSDKCoreKit.framework */; };
		4DD3C39E1B6F191C00B6DA71 /* FBSDKLoginKit.framework in Frameworks */ = {isa = PBXBuildFile; fileRef = 4DD3C3841B6F191C00B6DA71 /* FBSDKLoginKit.framework */; };
		4DD3C39F1B6F191C00B6DA71 /* FBSDKMessengerShareKit.framework in Frameworks */ = {isa = PBXBuildFile; fileRef = 4DD3C3851B6F191C00B6DA71 /* FBSDKMessengerShareKit.framework */; };
		4DD3C3A01B6F191C00B6DA71 /* FBSDKShareKit.framework in Frameworks */ = {isa = PBXBuildFile; fileRef = 4DD3C3861B6F191C00B6DA71 /* FBSDKShareKit.framework */; };
		4DD3C3A11B6F191C00B6DA71 /* LICENSE in Resources */ = {isa = PBXBuildFile; fileRef = 4DD3C3871B6F191C00B6DA71 /* LICENSE */; };
		4DD3C3A21B6F191C00B6DA71 /* README.txt in Resources */ = {isa = PBXBuildFile; fileRef = 4DD3C3881B6F191C00B6DA71 /* README.txt */; };
		4DD3C3A31B6F191C00B6DA71 /* JASidePanelController.m in Sources */ = {isa = PBXBuildFile; fileRef = 4DD3C38B1B6F191C00B6DA71 /* JASidePanelController.m */; };
		4DD3C3A41B6F191C00B6DA71 /* UIViewController+JASidePanel.m in Sources */ = {isa = PBXBuildFile; fileRef = 4DD3C38D1B6F191C00B6DA71 /* UIViewController+JASidePanel.m */; };
		4DD3C3A51B6F191C00B6DA71 /* LICENSE.txt in Resources */ = {isa = PBXBuildFile; fileRef = 4DD3C38F1B6F191C00B6DA71 /* LICENSE.txt */; };
		4DD3C3A61B6F191C00B6DA71 /* README.textile in Resources */ = {isa = PBXBuildFile; fileRef = 4DD3C3901B6F191C00B6DA71 /* README.textile */; };
		4DD3C3A71B6F191C00B6DA71 /* SVProgressHUD.bundle in Resources */ = {isa = PBXBuildFile; fileRef = 4DD3C3931B6F191C00B6DA71 /* SVProgressHUD.bundle */; };
		4DD3C3A81B6F191C00B6DA71 /* SVProgressHUD.m in Sources */ = {isa = PBXBuildFile; fileRef = 4DD3C3951B6F191C00B6DA71 /* SVProgressHUD.m */; settings = {COMPILER_FLAGS = "-fno-objc-arc"; }; };
		4DD3C3A91B6F191C00B6DA71 /* SVProgressHUD.podspec in Resources */ = {isa = PBXBuildFile; fileRef = 4DD3C3961B6F191C00B6DA71 /* SVProgressHUD.podspec */; };
		4DD3C3AE1B6F199B00B6DA71 /* HomeViewController.m in Sources */ = {isa = PBXBuildFile; fileRef = 4DD3C3AC1B6F199B00B6DA71 /* HomeViewController.m */; };
		4DD3C3AF1B6F199B00B6DA71 /* HomeViewController.xib in Resources */ = {isa = PBXBuildFile; fileRef = 4DD3C3AD1B6F199B00B6DA71 /* HomeViewController.xib */; };
		4DD3C3B91B6F1AA700B6DA71 /* Common.m in Sources */ = {isa = PBXBuildFile; fileRef = 4DD3C3B21B6F1AA700B6DA71 /* Common.m */; };
		4DD3C3BA1B6F1AA700B6DA71 /* CommonAlert.m in Sources */ = {isa = PBXBuildFile; fileRef = 4DD3C3B41B6F1AA700B6DA71 /* CommonAlert.m */; };
		4DD3C3BB1B6F1AA700B6DA71 /* CommonDefine.m in Sources */ = {isa = PBXBuildFile; fileRef = 4DD3C3B61B6F1AA700B6DA71 /* CommonDefine.m */; };
		4DD3C3BC1B6F1AA700B6DA71 /* Reachability.m in Sources */ = {isa = PBXBuildFile; fileRef = 4DD3C3B81B6F1AA700B6DA71 /* Reachability.m */; };
		4DD3C3D41B6F218700B6DA71 /* ic_heart.png in Resources */ = {isa = PBXBuildFile; fileRef = 4DD3C3C01B6F218700B6DA71 /* ic_heart.png */; };
		4DD3C3D51B6F218700B6DA71 /* ic_heart@2x.png in Resources */ = {isa = PBXBuildFile; fileRef = 4DD3C3C11B6F218700B6DA71 /* ic_heart@2x.png */; };
		4DD3C3D61B6F218700B6DA71 /* ic_heart@3x.png in Resources */ = {isa = PBXBuildFile; fileRef = 4DD3C3C21B6F218700B6DA71 /* ic_heart@3x.png */; };
		4DD3C3D71B6F218700B6DA71 /* ic_setting.png in Resources */ = {isa = PBXBuildFile; fileRef = 4DD3C3C31B6F218700B6DA71 /* ic_setting.png */; };
		4DD3C3D81B6F218700B6DA71 /* ic_setting@2x.png in Resources */ = {isa = PBXBuildFile; fileRef = 4DD3C3C41B6F218700B6DA71 /* ic_setting@2x.png */; };
		4DD3C3D91B6F218700B6DA71 /* ic_setting@3x.png in Resources */ = {isa = PBXBuildFile; fileRef = 4DD3C3C51B6F218700B6DA71 /* ic_setting@3x.png */; };
		4DD3C3DA1B6F218700B6DA71 /* ic_share.png in Resources */ = {isa = PBXBuildFile; fileRef = 4DD3C3C61B6F218700B6DA71 /* ic_share.png */; };
		4DD3C3DB1B6F218700B6DA71 /* ic_share@2x.png in Resources */ = {isa = PBXBuildFile; fileRef = 4DD3C3C71B6F218700B6DA71 /* ic_share@2x.png */; };
		4DD3C3DC1B6F218700B6DA71 /* ic_share@3x.png in Resources */ = {isa = PBXBuildFile; fileRef = 4DD3C3C81B6F218700B6DA71 /* ic_share@3x.png */; };
		4DD3C3DD1B6F218700B6DA71 /* arrow_white.png in Resources */ = {isa = PBXBuildFile; fileRef = 4DD3C3CB1B6F218700B6DA71 /* arrow_white.png */; };
		4DD3C3DE1B6F218700B6DA71 /* arrow_white@2x.png in Resources */ = {isa = PBXBuildFile; fileRef = 4DD3C3CC1B6F218700B6DA71 /* arrow_white@2x.png */; };
		4DD3C3DF1B6F218700B6DA71 /* arrow_white@3x.png in Resources */ = {isa = PBXBuildFile; fileRef = 4DD3C3CD1B6F218700B6DA71 /* arrow_white@3x.png */; };
		4DD3C3E01B6F218700B6DA71 /* avatarDefault.png in Resources */ = {isa = PBXBuildFile; fileRef = 4DD3C3CE1B6F218700B6DA71 /* avatarDefault.png */; };
		4DD3C3E11B6F218700B6DA71 /* avatarDefault@2x.png in Resources */ = {isa = PBXBuildFile; fileRef = 4DD3C3CF1B6F218700B6DA71 /* avatarDefault@2x.png */; };
		4DD3C3E21B6F218700B6DA71 /* avatarDefault@3x.png in Resources */ = {isa = PBXBuildFile; fileRef = 4DD3C3D01B6F218700B6DA71 /* avatarDefault@3x.png */; };
		4DD3C3E31B6F218700B6DA71 /* cancel.png in Resources */ = {isa = PBXBuildFile; fileRef = 4DD3C3D11B6F218700B6DA71 /* cancel.png */; };
		4DD3C3E41B6F218700B6DA71 /* cancel@2x.png in Resources */ = {isa = PBXBuildFile; fileRef = 4DD3C3D21B6F218700B6DA71 /* cancel@2x.png */; };
		4DD3C3E51B6F218700B6DA71 /* cancel@3x.png in Resources */ = {isa = PBXBuildFile; fileRef = 4DD3C3D31B6F218700B6DA71 /* cancel@3x.png */; };
		552BD5691BA1362A00BF316C /* GoogleMobileAds.framework in Frameworks */ = {isa = PBXBuildFile; fileRef = 552BD5601BA1362A00BF316C /* GoogleMobileAds.framework */; };
		552BD56A1BA1362A00BF316C /* README.txt in Resources */ = {isa = PBXBuildFile; fileRef = 552BD5671BA1362A00BF316C /* README.txt */; };
		552BD56B1BA1362A00BF316C /* README.txt in Resources */ = {isa = PBXBuildFile; fileRef = 552BD5681BA1362A00BF316C /* README.txt */; };
		552BD59E1BA15F7200BF316C /* AboutViewController.m in Sources */ = {isa = PBXBuildFile; fileRef = 552BD5991BA15F7200BF316C /* AboutViewController.m */; };
		552BD59F1BA15F7200BF316C /* AboutViewController.xib in Resources */ = {isa = PBXBuildFile; fileRef = 552BD59A1BA15F7200BF316C /* AboutViewController.xib */; };
		552BD5A01BA15F7200BF316C /* SettingsViewController.m in Sources */ = {isa = PBXBuildFile; fileRef = 552BD59C1BA15F7200BF316C /* SettingsViewController.m */; };
		552BD5A11BA15F7200BF316C /* SettingsViewController.xib in Resources */ = {isa = PBXBuildFile; fileRef = 552BD59D1BA15F7200BF316C /* SettingsViewController.xib */; };
		552BD5A51BA15FE600BF316C /* ic_home.png in Resources */ = {isa = PBXBuildFile; fileRef = 552BD5A21BA15FE600BF316C /* ic_home.png */; };
		552BD5A61BA15FE600BF316C /* ic_home@2x.png in Resources */ = {isa = PBXBuildFile; fileRef = 552BD5A31BA15FE600BF316C /* ic_home@2x.png */; };
		552BD5A71BA15FE600BF316C /* ic_home@3x.png in Resources */ = {isa = PBXBuildFile; fileRef = 552BD5A41BA15FE600BF316C /* ic_home@3x.png */; };
		552BD5A91BA1621500BF316C /* About.txt in Resources */ = {isa = PBXBuildFile; fileRef = 552BD5A81BA1621500BF316C /* About.txt */; };
		552BD5AD1BA1738D00BF316C /* SpeedTableViewCell.m in Sources */ = {isa = PBXBuildFile; fileRef = 552BD5AB1BA1738D00BF316C /* SpeedTableViewCell.m */; };
		552BD5AE1BA1738D00BF316C /* SpeedTableViewCell.xib in Resources */ = {isa = PBXBuildFile; fileRef = 552BD5AC1BA1738D00BF316C /* SpeedTableViewCell.xib */; };
		552BD5B51BA175E300BF316C /* ic_rabbit.png in Resources */ = {isa = PBXBuildFile; fileRef = 552BD5AF1BA175E300BF316C /* ic_rabbit.png */; };
		552BD5B61BA175E300BF316C /* ic_rabbit@2x.png in Resources */ = {isa = PBXBuildFile; fileRef = 552BD5B01BA175E300BF316C /* ic_rabbit@2x.png */; };
		552BD5B71BA175E300BF316C /* ic_rabbit@3x.png in Resources */ = {isa = PBXBuildFile; fileRef = 552BD5B11BA175E300BF316C /* ic_rabbit@3x.png */; };
		552BD5B81BA175E300BF316C /* ic_turtle.png in Resources */ = {isa = PBXBuildFile; fileRef = 552BD5B21BA175E300BF316C /* ic_turtle.png */; };
		552BD5B91BA175E300BF316C /* ic_turtle@2x.png in Resources */ = {isa = PBXBuildFile; fileRef = 552BD5B31BA175E300BF316C /* ic_turtle@2x.png */; };
		552BD5BA1BA175E300BF316C /* ic_turtle@3x.png in Resources */ = {isa = PBXBuildFile; fileRef = 552BD5B41BA175E300BF316C /* ic_turtle@3x.png */; };
		552BD5BE1BA178A500BF316C /* DailyTargetViewController.m in Sources */ = {isa = PBXBuildFile; fileRef = 552BD5BC1BA178A500BF316C /* DailyTargetViewController.m */; };
		552BD5BF1BA178A500BF316C /* DailyTargetViewController.xib in Resources */ = {isa = PBXBuildFile; fileRef = 552BD5BD1BA178A500BF316C /* DailyTargetViewController.xib */; };
		552BD5C31BA17A6900BF316C /* NotificationTableViewCell.m in Sources */ = {isa = PBXBuildFile; fileRef = 552BD5C11BA17A6900BF316C /* NotificationTableViewCell.m */; };
		552BD5C41BA17A6900BF316C /* NotificationTableViewCell.xib in Resources */ = {isa = PBXBuildFile; fileRef = 552BD5C21BA17A6900BF316C /* NotificationTableViewCell.xib */; };
		552BD5C81BA17BF100BF316C /* TimeTableViewCell.m in Sources */ = {isa = PBXBuildFile; fileRef = 552BD5C61BA17BF100BF316C /* TimeTableViewCell.m */; };
		552BD5C91BA17BF100BF316C /* TimeTableViewCell.xib in Resources */ = {isa = PBXBuildFile; fileRef = 552BD5C71BA17BF100BF316C /* TimeTableViewCell.xib */; };
		552DC7711B86BD1E00770FA1 /* WordObject.m in Sources */ = {isa = PBXBuildFile; fileRef = 552DC7701B86BD1E00770FA1 /* WordObject.m */; };
		552DC7741B871C9900770FA1 /* Algorithm.m in Sources */ = {isa = PBXBuildFile; fileRef = 552DC7721B871C9900770FA1 /* Algorithm.m */; };
		552DC7791B87292F00770FA1 /* StudiedListViewController.m in Sources */ = {isa = PBXBuildFile; fileRef = 552DC7771B87292F00770FA1 /* StudiedListViewController.m */; };
		552DC77A1B87292F00770FA1 /* StudiedListViewController.xib in Resources */ = {isa = PBXBuildFile; fileRef = 552DC7781B87292F00770FA1 /* StudiedListViewController.xib */; };
		552DC77E1B872A4F00770FA1 /* StudiedTableViewCell.m in Sources */ = {isa = PBXBuildFile; fileRef = 552DC77C1B872A4F00770FA1 /* StudiedTableViewCell.m */; };
		552DC77F1B872A4F00770FA1 /* StudiedTableViewCell.xib in Resources */ = {isa = PBXBuildFile; fileRef = 552DC77D1B872A4F00770FA1 /* StudiedTableViewCell.xib */; };
		553F78301BA6D12800D15876 /* Images.xcassets in Resources */ = {isa = PBXBuildFile; fileRef = 553F782F1BA6D12800D15876 /* Images.xcassets */; };
		553F78341BA6D39400D15876 /* rearBanner.png in Resources */ = {isa = PBXBuildFile; fileRef = 553F78311BA6D39400D15876 /* rearBanner.png */; };
		553F78351BA6D39400D15876 /* rearBanner@2x.png in Resources */ = {isa = PBXBuildFile; fileRef = 553F78321BA6D39400D15876 /* rearBanner@2x.png */; };
		553F78361BA6D39400D15876 /* rearBanner@3x.png in Resources */ = {isa = PBXBuildFile; fileRef = 553F78331BA6D39400D15876 /* rearBanner@3x.png */; };
		554330401B8C21D5001DFB6F /* SearchViewController.m in Sources */ = {isa = PBXBuildFile; fileRef = 5543303E1B8C21D5001DFB6F /* SearchViewController.m */; };
		554330411B8C21D5001DFB6F /* SearchViewController.xib in Resources */ = {isa = PBXBuildFile; fileRef = 5543303F1B8C21D5001DFB6F /* SearchViewController.xib */; };
		55457CC21BA27DA100EFCD50 /* TimerViewController.m in Sources */ = {isa = PBXBuildFile; fileRef = 55457CC01BA27DA100EFCD50 /* TimerViewController.m */; };
		55457CC31BA27DA100EFCD50 /* TimerViewController.xib in Resources */ = {isa = PBXBuildFile; fileRef = 55457CC11BA27DA100EFCD50 /* TimerViewController.xib */; };
		557D7A841B857DBD00834A44 /* libsqlite3.dylib in Frameworks */ = {isa = PBXBuildFile; fileRef = 557D7A831B857DBD00834A44 /* libsqlite3.dylib */; };
		557D7AB21B857DFD00834A44 /* english.db in Resources */ = {isa = PBXBuildFile; fileRef = 557D7AB11B857DFD00834A44 /* english.db */; };
		557D7ABC1B8587AF00834A44 /* btnbg.png in Resources */ = {isa = PBXBuildFile; fileRef = 557D7AB91B8587AF00834A44 /* btnbg.png */; };
		557D7ABD1B8587AF00834A44 /* btnbg@2x.png in Resources */ = {isa = PBXBuildFile; fileRef = 557D7ABA1B8587AF00834A44 /* btnbg@2x.png */; };
		557D7ABE1B8587AF00834A44 /* btnbg@3x.png in Resources */ = {isa = PBXBuildFile; fileRef = 557D7ABB1B8587AF00834A44 /* btnbg@3x.png */; };
		557D7AC31B858BE300834A44 /* StudyWordViewController.m in Sources */ = {isa = PBXBuildFile; fileRef = 557D7AC11B858BE300834A44 /* StudyWordViewController.m */; };
		557D7AC41B858BE300834A44 /* StudyWordViewController.xib in Resources */ = {isa = PBXBuildFile; fileRef = 557D7AC21B858BE300834A44 /* StudyWordViewController.xib */; };
		557D7AC71B85AF6500834A44 /* HTMLHelper.m in Sources */ = {isa = PBXBuildFile; fileRef = 557D7AC51B85AF6500834A44 /* HTMLHelper.m */; };
		557D7ACB1B85B5B600834A44 /* ic_speaker.png in Resources */ = {isa = PBXBuildFile; fileRef = 557D7AC81B85B5B600834A44 /* ic_speaker.png */; };
		557D7ACC1B85B5B600834A44 /* ic_speaker@2x.png in Resources */ = {isa = PBXBuildFile; fileRef = 557D7AC91B85B5B600834A44 /* ic_speaker@2x.png */; };
		557D7ACD1B85B5B600834A44 /* ic_speaker@3x.png in Resources */ = {isa = PBXBuildFile; fileRef = 557D7ACA1B85B5B600834A44 /* ic_speaker@3x.png */; };
/* End PBXBuildFile section */

/* Begin PBXContainerItemProxy section */
		4D35B35F1B6BC7C600EA67C2 /* PBXContainerItemProxy */ = {
			isa = PBXContainerItemProxy;
			containerPortal = 4D35B33A1B6BC7C600EA67C2 /* Project object */;
			proxyType = 1;
			remoteGlobalIDString = 4D35B3411B6BC7C600EA67C2;
			remoteInfo = LazzyBee;
		};
/* End PBXContainerItemProxy section */

/* Begin PBXFileReference section */
		3ED661861B8488C50030BB3F /* CommonSqlite.h */ = {isa = PBXFileReference; fileEncoding = 4; lastKnownFileType = sourcecode.c.h; name = CommonSqlite.h; path = Common/CommonSqlite.h; sourceTree = "<group>"; };
		3ED661871B8488C50030BB3F /* CommonSqlite.m */ = {isa = PBXFileReference; fileEncoding = 4; lastKnownFileType = sourcecode.c.objc; name = CommonSqlite.m; path = Common/CommonSqlite.m; sourceTree = "<group>"; };
		4D35B3421B6BC7C600EA67C2 /* LazzyBee.app */ = {isa = PBXFileReference; explicitFileType = wrapper.application; includeInIndex = 0; path = LazzyBee.app; sourceTree = BUILT_PRODUCTS_DIR; };
		4D35B3461B6BC7C600EA67C2 /* Info.plist */ = {isa = PBXFileReference; lastKnownFileType = text.plist.xml; path = Info.plist; sourceTree = "<group>"; };
		4D35B3471B6BC7C600EA67C2 /* main.m */ = {isa = PBXFileReference; lastKnownFileType = sourcecode.c.objc; path = main.m; sourceTree = "<group>"; };
		4D35B3491B6BC7C600EA67C2 /* AppDelegate.h */ = {isa = PBXFileReference; lastKnownFileType = sourcecode.c.h; path = AppDelegate.h; sourceTree = "<group>"; };
		4D35B34A1B6BC7C600EA67C2 /* AppDelegate.m */ = {isa = PBXFileReference; lastKnownFileType = sourcecode.c.objc; path = AppDelegate.m; sourceTree = "<group>"; };
		4D35B35E1B6BC7C600EA67C2 /* LazzyBeeTests.xctest */ = {isa = PBXFileReference; explicitFileType = wrapper.cfbundle; includeInIndex = 0; path = LazzyBeeTests.xctest; sourceTree = BUILT_PRODUCTS_DIR; };
		4D35B3631B6BC7C600EA67C2 /* Info.plist */ = {isa = PBXFileReference; lastKnownFileType = text.plist.xml; path = Info.plist; sourceTree = "<group>"; };
		4D35B3641B6BC7C600EA67C2 /* LazzyBeeTests.m */ = {isa = PBXFileReference; lastKnownFileType = sourcecode.c.objc; path = LazzyBeeTests.m; sourceTree = "<group>"; };
		4D7C28081BABB6CB005B274E /* GTLBase64.h */ = {isa = PBXFileReference; fileEncoding = 4; lastKnownFileType = sourcecode.c.h; name = GTLBase64.h; path = GTL/GTLBase64.h; sourceTree = "<group>"; };
		4D7C28091BABB6CB005B274E /* GTLBase64.m */ = {isa = PBXFileReference; fileEncoding = 4; lastKnownFileType = sourcecode.c.objc; name = GTLBase64.m; path = GTL/GTLBase64.m; sourceTree = "<group>"; };
		4D7C280A1BABB6CB005B274E /* GTLBatchQuery.h */ = {isa = PBXFileReference; fileEncoding = 4; lastKnownFileType = sourcecode.c.h; name = GTLBatchQuery.h; path = GTL/GTLBatchQuery.h; sourceTree = "<group>"; };
		4D7C280B1BABB6CB005B274E /* GTLBatchQuery.m */ = {isa = PBXFileReference; fileEncoding = 4; lastKnownFileType = sourcecode.c.objc; name = GTLBatchQuery.m; path = GTL/GTLBatchQuery.m; sourceTree = "<group>"; };
		4D7C280C1BABB6CB005B274E /* GTLBatchResult.h */ = {isa = PBXFileReference; fileEncoding = 4; lastKnownFileType = sourcecode.c.h; name = GTLBatchResult.h; path = GTL/GTLBatchResult.h; sourceTree = "<group>"; };
		4D7C280D1BABB6CB005B274E /* GTLBatchResult.m */ = {isa = PBXFileReference; fileEncoding = 4; lastKnownFileType = sourcecode.c.objc; name = GTLBatchResult.m; path = GTL/GTLBatchResult.m; sourceTree = "<group>"; };
		4D7C280E1BABB6CB005B274E /* GTLDateTime.h */ = {isa = PBXFileReference; fileEncoding = 4; lastKnownFileType = sourcecode.c.h; name = GTLDateTime.h; path = GTL/GTLDateTime.h; sourceTree = "<group>"; };
		4D7C280F1BABB6CB005B274E /* GTLDateTime.m */ = {isa = PBXFileReference; fileEncoding = 4; lastKnownFileType = sourcecode.c.objc; name = GTLDateTime.m; path = GTL/GTLDateTime.m; sourceTree = "<group>"; };
		4D7C28101BABB6CB005B274E /* GTLDefines.h */ = {isa = PBXFileReference; fileEncoding = 4; lastKnownFileType = sourcecode.c.h; name = GTLDefines.h; path = GTL/GTLDefines.h; sourceTree = "<group>"; };
		4D7C28111BABB6CB005B274E /* GTLErrorObject.h */ = {isa = PBXFileReference; fileEncoding = 4; lastKnownFileType = sourcecode.c.h; name = GTLErrorObject.h; path = GTL/GTLErrorObject.h; sourceTree = "<group>"; };
		4D7C28121BABB6CB005B274E /* GTLErrorObject.m */ = {isa = PBXFileReference; fileEncoding = 4; lastKnownFileType = sourcecode.c.objc; name = GTLErrorObject.m; path = GTL/GTLErrorObject.m; sourceTree = "<group>"; };
		4D7C28131BABB6CB005B274E /* GTLFramework.h */ = {isa = PBXFileReference; fileEncoding = 4; lastKnownFileType = sourcecode.c.h; name = GTLFramework.h; path = GTL/GTLFramework.h; sourceTree = "<group>"; };
		4D7C28141BABB6CB005B274E /* GTLFramework.m */ = {isa = PBXFileReference; fileEncoding = 4; lastKnownFileType = sourcecode.c.objc; name = GTLFramework.m; path = GTL/GTLFramework.m; sourceTree = "<group>"; };
		4D7C28151BABB6CB005B274E /* GTLJSONParser.h */ = {isa = PBXFileReference; fileEncoding = 4; lastKnownFileType = sourcecode.c.h; name = GTLJSONParser.h; path = GTL/GTLJSONParser.h; sourceTree = "<group>"; };
		4D7C28161BABB6CB005B274E /* GTLJSONParser.m */ = {isa = PBXFileReference; fileEncoding = 4; lastKnownFileType = sourcecode.c.objc; name = GTLJSONParser.m; path = GTL/GTLJSONParser.m; sourceTree = "<group>"; };
		4D7C28171BABB6CB005B274E /* GTLObject.h */ = {isa = PBXFileReference; fileEncoding = 4; lastKnownFileType = sourcecode.c.h; name = GTLObject.h; path = GTL/GTLObject.h; sourceTree = "<group>"; };
		4D7C28181BABB6CB005B274E /* GTLObject.m */ = {isa = PBXFileReference; fileEncoding = 4; lastKnownFileType = sourcecode.c.objc; name = GTLObject.m; path = GTL/GTLObject.m; sourceTree = "<group>"; };
		4D7C28191BABB6CB005B274E /* GTLQuery.h */ = {isa = PBXFileReference; fileEncoding = 4; lastKnownFileType = sourcecode.c.h; name = GTLQuery.h; path = GTL/GTLQuery.h; sourceTree = "<group>"; };
		4D7C281A1BABB6CB005B274E /* GTLQuery.m */ = {isa = PBXFileReference; fileEncoding = 4; lastKnownFileType = sourcecode.c.objc; name = GTLQuery.m; path = GTL/GTLQuery.m; sourceTree = "<group>"; };
		4D7C281B1BABB6CB005B274E /* GTLRuntimeCommon.h */ = {isa = PBXFileReference; fileEncoding = 4; lastKnownFileType = sourcecode.c.h; name = GTLRuntimeCommon.h; path = GTL/GTLRuntimeCommon.h; sourceTree = "<group>"; };
		4D7C281C1BABB6CB005B274E /* GTLRuntimeCommon.m */ = {isa = PBXFileReference; fileEncoding = 4; lastKnownFileType = sourcecode.c.objc; name = GTLRuntimeCommon.m; path = GTL/GTLRuntimeCommon.m; sourceTree = "<group>"; };
		4D7C281D1BABB6CB005B274E /* GTLService.h */ = {isa = PBXFileReference; fileEncoding = 4; lastKnownFileType = sourcecode.c.h; name = GTLService.h; path = GTL/GTLService.h; sourceTree = "<group>"; };
		4D7C281E1BABB6CB005B274E /* GTLService.m */ = {isa = PBXFileReference; fileEncoding = 4; lastKnownFileType = sourcecode.c.objc; name = GTLService.m; path = GTL/GTLService.m; sourceTree = "<group>"; };
		4D7C281F1BABB6CB005B274E /* GTLTargetNamespace.h */ = {isa = PBXFileReference; fileEncoding = 4; lastKnownFileType = sourcecode.c.h; name = GTLTargetNamespace.h; path = GTL/GTLTargetNamespace.h; sourceTree = "<group>"; };
		4D7C28201BABB6CB005B274E /* GTLUploadParameters.h */ = {isa = PBXFileReference; fileEncoding = 4; lastKnownFileType = sourcecode.c.h; name = GTLUploadParameters.h; path = GTL/GTLUploadParameters.h; sourceTree = "<group>"; };
		4D7C28211BABB6CB005B274E /* GTLUploadParameters.m */ = {isa = PBXFileReference; fileEncoding = 4; lastKnownFileType = sourcecode.c.objc; name = GTLUploadParameters.m; path = GTL/GTLUploadParameters.m; sourceTree = "<group>"; };
		4D7C28221BABB6CB005B274E /* GTLUtilities.h */ = {isa = PBXFileReference; fileEncoding = 4; lastKnownFileType = sourcecode.c.h; name = GTLUtilities.h; path = GTL/GTLUtilities.h; sourceTree = "<group>"; };
		4D7C28231BABB6CB005B274E /* GTLUtilities.m */ = {isa = PBXFileReference; fileEncoding = 4; lastKnownFileType = sourcecode.c.objc; name = GTLUtilities.m; path = GTL/GTLUtilities.m; sourceTree = "<group>"; };
		4D7C28241BABB6CB005B274E /* GTMGatherInputStream.h */ = {isa = PBXFileReference; fileEncoding = 4; lastKnownFileType = sourcecode.c.h; name = GTMGatherInputStream.h; path = GTL/GTMGatherInputStream.h; sourceTree = "<group>"; };
		4D7C28251BABB6CB005B274E /* GTMGatherInputStream.m */ = {isa = PBXFileReference; fileEncoding = 4; lastKnownFileType = sourcecode.c.objc; name = GTMGatherInputStream.m; path = GTL/GTMGatherInputStream.m; sourceTree = "<group>"; };
		4D7C28261BABB6CB005B274E /* GTMHTTPFetcher.h */ = {isa = PBXFileReference; fileEncoding = 4; lastKnownFileType = sourcecode.c.h; name = GTMHTTPFetcher.h; path = GTL/GTMHTTPFetcher.h; sourceTree = "<group>"; };
		4D7C28271BABB6CB005B274E /* GTMHTTPFetcher.m */ = {isa = PBXFileReference; fileEncoding = 4; lastKnownFileType = sourcecode.c.objc; name = GTMHTTPFetcher.m; path = GTL/GTMHTTPFetcher.m; sourceTree = "<group>"; };
		4D7C28281BABB6CB005B274E /* GTMHTTPFetcherLogging.h */ = {isa = PBXFileReference; fileEncoding = 4; lastKnownFileType = sourcecode.c.h; name = GTMHTTPFetcherLogging.h; path = GTL/GTMHTTPFetcherLogging.h; sourceTree = "<group>"; };
		4D7C28291BABB6CB005B274E /* GTMHTTPFetcherLogging.m */ = {isa = PBXFileReference; fileEncoding = 4; lastKnownFileType = sourcecode.c.objc; name = GTMHTTPFetcherLogging.m; path = GTL/GTMHTTPFetcherLogging.m; sourceTree = "<group>"; };
		4D7C282A1BABB6CB005B274E /* GTMHTTPFetcherService.h */ = {isa = PBXFileReference; fileEncoding = 4; lastKnownFileType = sourcecode.c.h; name = GTMHTTPFetcherService.h; path = GTL/GTMHTTPFetcherService.h; sourceTree = "<group>"; };
		4D7C282B1BABB6CB005B274E /* GTMHTTPFetcherService.m */ = {isa = PBXFileReference; fileEncoding = 4; lastKnownFileType = sourcecode.c.objc; name = GTMHTTPFetcherService.m; path = GTL/GTMHTTPFetcherService.m; sourceTree = "<group>"; };
		4D7C282C1BABB6CB005B274E /* GTMHTTPFetchHistory.h */ = {isa = PBXFileReference; fileEncoding = 4; lastKnownFileType = sourcecode.c.h; name = GTMHTTPFetchHistory.h; path = GTL/GTMHTTPFetchHistory.h; sourceTree = "<group>"; };
		4D7C282D1BABB6CB005B274E /* GTMHTTPFetchHistory.m */ = {isa = PBXFileReference; fileEncoding = 4; lastKnownFileType = sourcecode.c.objc; name = GTMHTTPFetchHistory.m; path = GTL/GTMHTTPFetchHistory.m; sourceTree = "<group>"; };
		4D7C282E1BABB6CB005B274E /* GTMHTTPUploadFetcher.h */ = {isa = PBXFileReference; fileEncoding = 4; lastKnownFileType = sourcecode.c.h; name = GTMHTTPUploadFetcher.h; path = GTL/GTMHTTPUploadFetcher.h; sourceTree = "<group>"; };
		4D7C282F1BABB6CB005B274E /* GTMHTTPUploadFetcher.m */ = {isa = PBXFileReference; fileEncoding = 4; lastKnownFileType = sourcecode.c.objc; name = GTMHTTPUploadFetcher.m; path = GTL/GTMHTTPUploadFetcher.m; sourceTree = "<group>"; };
		4D7C28301BABB6CB005B274E /* GTMMIMEDocument.h */ = {isa = PBXFileReference; fileEncoding = 4; lastKnownFileType = sourcecode.c.h; name = GTMMIMEDocument.h; path = GTL/GTMMIMEDocument.h; sourceTree = "<group>"; };
		4D7C28311BABB6CB005B274E /* GTMMIMEDocument.m */ = {isa = PBXFileReference; fileEncoding = 4; lastKnownFileType = sourcecode.c.objc; name = GTMMIMEDocument.m; path = GTL/GTMMIMEDocument.m; sourceTree = "<group>"; };
		4D7C28321BABB6CB005B274E /* GTMOAuth2Authentication.h */ = {isa = PBXFileReference; fileEncoding = 4; lastKnownFileType = sourcecode.c.h; name = GTMOAuth2Authentication.h; path = GTL/GTMOAuth2Authentication.h; sourceTree = "<group>"; };
		4D7C28331BABB6CB005B274E /* GTMOAuth2Authentication.m */ = {isa = PBXFileReference; fileEncoding = 4; lastKnownFileType = sourcecode.c.objc; name = GTMOAuth2Authentication.m; path = GTL/GTMOAuth2Authentication.m; sourceTree = "<group>"; };
		4D7C28341BABB6CB005B274E /* GTMOAuth2SignIn.h */ = {isa = PBXFileReference; fileEncoding = 4; lastKnownFileType = sourcecode.c.h; name = GTMOAuth2SignIn.h; path = GTL/GTMOAuth2SignIn.h; sourceTree = "<group>"; };
		4D7C28351BABB6CB005B274E /* GTMOAuth2SignIn.m */ = {isa = PBXFileReference; fileEncoding = 4; lastKnownFileType = sourcecode.c.objc; name = GTMOAuth2SignIn.m; path = GTL/GTMOAuth2SignIn.m; sourceTree = "<group>"; };
		4D7C28361BABB6CB005B274E /* GTMOAuth2ViewControllerTouch.h */ = {isa = PBXFileReference; fileEncoding = 4; lastKnownFileType = sourcecode.c.h; name = GTMOAuth2ViewControllerTouch.h; path = GTL/GTMOAuth2ViewControllerTouch.h; sourceTree = "<group>"; };
		4D7C28371BABB6CB005B274E /* GTMOAuth2ViewControllerTouch.m */ = {isa = PBXFileReference; fileEncoding = 4; lastKnownFileType = sourcecode.c.objc; name = GTMOAuth2ViewControllerTouch.m; path = GTL/GTMOAuth2ViewControllerTouch.m; sourceTree = "<group>"; };
		4D7C28381BABB6CB005B274E /* GTMOAuth2ViewTouch.xib */ = {isa = PBXFileReference; fileEncoding = 4; lastKnownFileType = file.xib; name = GTMOAuth2ViewTouch.xib; path = GTL/GTMOAuth2ViewTouch.xib; sourceTree = "<group>"; };
		4D7C28391BABB6CB005B274E /* GTMReadMonitorInputStream.h */ = {isa = PBXFileReference; fileEncoding = 4; lastKnownFileType = sourcecode.c.h; name = GTMReadMonitorInputStream.h; path = GTL/GTMReadMonitorInputStream.h; sourceTree = "<group>"; };
		4D7C283A1BABB6CB005B274E /* GTMReadMonitorInputStream.m */ = {isa = PBXFileReference; fileEncoding = 4; lastKnownFileType = sourcecode.c.objc; name = GTMReadMonitorInputStream.m; path = GTL/GTMReadMonitorInputStream.m; sourceTree = "<group>"; };
		4DD3C36A1B6F18D700B6DA71 /* RearTableViewCell.h */ = {isa = PBXFileReference; fileEncoding = 4; lastKnownFileType = sourcecode.c.h; path = RearTableViewCell.h; sourceTree = "<group>"; };
		4DD3C36B1B6F18D700B6DA71 /* RearTableViewCell.m */ = {isa = PBXFileReference; fileEncoding = 4; lastKnownFileType = sourcecode.c.objc; path = RearTableViewCell.m; sourceTree = "<group>"; };
		4DD3C36C1B6F18D700B6DA71 /* RearTableViewCell.xib */ = {isa = PBXFileReference; fileEncoding = 4; lastKnownFileType = file.xib; path = RearTableViewCell.xib; sourceTree = "<group>"; };
		4DD3C36D1B6F18D700B6DA71 /* RearViewController.h */ = {isa = PBXFileReference; fileEncoding = 4; lastKnownFileType = sourcecode.c.h; path = RearViewController.h; sourceTree = "<group>"; };
		4DD3C36E1B6F18D700B6DA71 /* RearViewController.m */ = {isa = PBXFileReference; fileEncoding = 4; lastKnownFileType = sourcecode.c.objc; path = RearViewController.m; sourceTree = "<group>"; };
		4DD3C36F1B6F18D700B6DA71 /* RearViewController.xib */ = {isa = PBXFileReference; fileEncoding = 4; lastKnownFileType = file.xib; path = RearViewController.xib; sourceTree = "<group>"; };
		4DD3C3701B6F18D700B6DA71 /* SubRearViewController.h */ = {isa = PBXFileReference; fileEncoding = 4; lastKnownFileType = sourcecode.c.h; path = SubRearViewController.h; sourceTree = "<group>"; };
		4DD3C3711B6F18D700B6DA71 /* SubRearViewController.m */ = {isa = PBXFileReference; fileEncoding = 4; lastKnownFileType = sourcecode.c.objc; path = SubRearViewController.m; sourceTree = "<group>"; };
		4DD3C3721B6F18D700B6DA71 /* SubRearViewController.xib */ = {isa = PBXFileReference; fileEncoding = 4; lastKnownFileType = file.xib; path = SubRearViewController.xib; sourceTree = "<group>"; };
		4DD3C37B1B6F191C00B6DA71 /* AsyncImageView.h */ = {isa = PBXFileReference; fileEncoding = 4; lastKnownFileType = sourcecode.c.h; path = AsyncImageView.h; sourceTree = "<group>"; };
		4DD3C37C1B6F191C00B6DA71 /* AsyncImageView.m */ = {isa = PBXFileReference; fileEncoding = 4; lastKnownFileType = sourcecode.c.objc; path = AsyncImageView.m; sourceTree = "<group>"; };
		4DD3C37D1B6F191C00B6DA71 /* LICENCE.md */ = {isa = PBXFileReference; fileEncoding = 4; lastKnownFileType = net.daringfireball.markdown; path = LICENCE.md; sourceTree = "<group>"; };
		4DD3C37F1B6F191C00B6DA71 /* Bolts.framework */ = {isa = PBXFileReference; lastKnownFileType = wrapper.framework; path = Bolts.framework; sourceTree = "<group>"; };
		4DD3C3801B6F191C00B6DA71 /* FacebookSDK.strings */ = {isa = PBXFileReference; fileEncoding = 4; lastKnownFileType = text.plist.strings; path = FacebookSDK.strings; sourceTree = "<group>"; };
		4DD3C3811B6F191C00B6DA71 /* FBAudienceNetwork.framework */ = {isa = PBXFileReference; lastKnownFileType = wrapper.framework; path = FBAudienceNetwork.framework; sourceTree = "<group>"; };
		4DD3C3821B6F191C00B6DA71 /* FBAudienceNetwork.README.txt */ = {isa = PBXFileReference; fileEncoding = 4; lastKnownFileType = text; path = FBAudienceNetwork.README.txt; sourceTree = "<group>"; };
		4DD3C3831B6F191C00B6DA71 /* FBSDKCoreKit.framework */ = {isa = PBXFileReference; lastKnownFileType = wrapper.framework; path = FBSDKCoreKit.framework; sourceTree = "<group>"; };
		4DD3C3841B6F191C00B6DA71 /* FBSDKLoginKit.framework */ = {isa = PBXFileReference; lastKnownFileType = wrapper.framework; path = FBSDKLoginKit.framework; sourceTree = "<group>"; };
		4DD3C3851B6F191C00B6DA71 /* FBSDKMessengerShareKit.framework */ = {isa = PBXFileReference; lastKnownFileType = wrapper.framework; path = FBSDKMessengerShareKit.framework; sourceTree = "<group>"; };
		4DD3C3861B6F191C00B6DA71 /* FBSDKShareKit.framework */ = {isa = PBXFileReference; lastKnownFileType = wrapper.framework; path = FBSDKShareKit.framework; sourceTree = "<group>"; };
		4DD3C3871B6F191C00B6DA71 /* LICENSE */ = {isa = PBXFileReference; fileEncoding = 4; lastKnownFileType = text; path = LICENSE; sourceTree = "<group>"; };
		4DD3C3881B6F191C00B6DA71 /* README.txt */ = {isa = PBXFileReference; fileEncoding = 4; lastKnownFileType = text; path = README.txt; sourceTree = "<group>"; };
		4DD3C38A1B6F191C00B6DA71 /* JASidePanelController.h */ = {isa = PBXFileReference; fileEncoding = 4; lastKnownFileType = sourcecode.c.h; path = JASidePanelController.h; sourceTree = "<group>"; };
		4DD3C38B1B6F191C00B6DA71 /* JASidePanelController.m */ = {isa = PBXFileReference; fileEncoding = 4; lastKnownFileType = sourcecode.c.objc; path = JASidePanelController.m; sourceTree = "<group>"; };
		4DD3C38C1B6F191C00B6DA71 /* UIViewController+JASidePanel.h */ = {isa = PBXFileReference; fileEncoding = 4; lastKnownFileType = sourcecode.c.h; path = "UIViewController+JASidePanel.h"; sourceTree = "<group>"; };
		4DD3C38D1B6F191C00B6DA71 /* UIViewController+JASidePanel.m */ = {isa = PBXFileReference; fileEncoding = 4; lastKnownFileType = sourcecode.c.objc; path = "UIViewController+JASidePanel.m"; sourceTree = "<group>"; };
		4DD3C38F1B6F191C00B6DA71 /* LICENSE.txt */ = {isa = PBXFileReference; fileEncoding = 4; lastKnownFileType = text; path = LICENSE.txt; sourceTree = "<group>"; };
		4DD3C3901B6F191C00B6DA71 /* README.textile */ = {isa = PBXFileReference; fileEncoding = 4; lastKnownFileType = text; path = README.textile; sourceTree = "<group>"; };
		4DD3C3931B6F191C00B6DA71 /* SVProgressHUD.bundle */ = {isa = PBXFileReference; lastKnownFileType = "wrapper.plug-in"; path = SVProgressHUD.bundle; sourceTree = "<group>"; };
		4DD3C3941B6F191C00B6DA71 /* SVProgressHUD.h */ = {isa = PBXFileReference; fileEncoding = 4; lastKnownFileType = sourcecode.c.h; path = SVProgressHUD.h; sourceTree = "<group>"; };
		4DD3C3951B6F191C00B6DA71 /* SVProgressHUD.m */ = {isa = PBXFileReference; fileEncoding = 4; lastKnownFileType = sourcecode.c.objc; path = SVProgressHUD.m; sourceTree = "<group>"; };
		4DD3C3961B6F191C00B6DA71 /* SVProgressHUD.podspec */ = {isa = PBXFileReference; fileEncoding = 4; lastKnownFileType = text; path = SVProgressHUD.podspec; sourceTree = "<group>"; };
		4DD3C3AB1B6F199B00B6DA71 /* HomeViewController.h */ = {isa = PBXFileReference; fileEncoding = 4; lastKnownFileType = sourcecode.c.h; name = HomeViewController.h; path = Home/HomeViewController.h; sourceTree = "<group>"; };
		4DD3C3AC1B6F199B00B6DA71 /* HomeViewController.m */ = {isa = PBXFileReference; fileEncoding = 4; lastKnownFileType = sourcecode.c.objc; name = HomeViewController.m; path = Home/HomeViewController.m; sourceTree = "<group>"; };
		4DD3C3AD1B6F199B00B6DA71 /* HomeViewController.xib */ = {isa = PBXFileReference; fileEncoding = 4; lastKnownFileType = file.xib; name = HomeViewController.xib; path = Home/HomeViewController.xib; sourceTree = "<group>"; };
		4DD3C3B11B6F1AA700B6DA71 /* Common.h */ = {isa = PBXFileReference; fileEncoding = 4; lastKnownFileType = sourcecode.c.h; name = Common.h; path = Common/Common.h; sourceTree = "<group>"; };
		4DD3C3B21B6F1AA700B6DA71 /* Common.m */ = {isa = PBXFileReference; fileEncoding = 4; lastKnownFileType = sourcecode.c.objc; name = Common.m; path = Common/Common.m; sourceTree = "<group>"; };
		4DD3C3B31B6F1AA700B6DA71 /* CommonAlert.h */ = {isa = PBXFileReference; fileEncoding = 4; lastKnownFileType = sourcecode.c.h; name = CommonAlert.h; path = Common/CommonAlert.h; sourceTree = "<group>"; };
		4DD3C3B41B6F1AA700B6DA71 /* CommonAlert.m */ = {isa = PBXFileReference; fileEncoding = 4; lastKnownFileType = sourcecode.c.objc; name = CommonAlert.m; path = Common/CommonAlert.m; sourceTree = "<group>"; };
		4DD3C3B51B6F1AA700B6DA71 /* CommonDefine.h */ = {isa = PBXFileReference; fileEncoding = 4; lastKnownFileType = sourcecode.c.h; name = CommonDefine.h; path = Common/CommonDefine.h; sourceTree = "<group>"; };
		4DD3C3B61B6F1AA700B6DA71 /* CommonDefine.m */ = {isa = PBXFileReference; fileEncoding = 4; lastKnownFileType = sourcecode.c.objc; name = CommonDefine.m; path = Common/CommonDefine.m; sourceTree = "<group>"; };
		4DD3C3B71B6F1AA700B6DA71 /* Reachability.h */ = {isa = PBXFileReference; fileEncoding = 4; lastKnownFileType = sourcecode.c.h; name = Reachability.h; path = Common/Reachability.h; sourceTree = "<group>"; };
		4DD3C3B81B6F1AA700B6DA71 /* Reachability.m */ = {isa = PBXFileReference; fileEncoding = 4; lastKnownFileType = sourcecode.c.objc; name = Reachability.m; path = Common/Reachability.m; sourceTree = "<group>"; };
		4DD3C3C01B6F218700B6DA71 /* ic_heart.png */ = {isa = PBXFileReference; lastKnownFileType = image.png; path = ic_heart.png; sourceTree = "<group>"; };
		4DD3C3C11B6F218700B6DA71 /* ic_heart@2x.png */ = {isa = PBXFileReference; lastKnownFileType = image.png; path = "ic_heart@2x.png"; sourceTree = "<group>"; };
		4DD3C3C21B6F218700B6DA71 /* ic_heart@3x.png */ = {isa = PBXFileReference; lastKnownFileType = image.png; path = "ic_heart@3x.png"; sourceTree = "<group>"; };
		4DD3C3C31B6F218700B6DA71 /* ic_setting.png */ = {isa = PBXFileReference; lastKnownFileType = image.png; path = ic_setting.png; sourceTree = "<group>"; };
		4DD3C3C41B6F218700B6DA71 /* ic_setting@2x.png */ = {isa = PBXFileReference; lastKnownFileType = image.png; path = "ic_setting@2x.png"; sourceTree = "<group>"; };
		4DD3C3C51B6F218700B6DA71 /* ic_setting@3x.png */ = {isa = PBXFileReference; lastKnownFileType = image.png; path = "ic_setting@3x.png"; sourceTree = "<group>"; };
		4DD3C3C61B6F218700B6DA71 /* ic_share.png */ = {isa = PBXFileReference; lastKnownFileType = image.png; path = ic_share.png; sourceTree = "<group>"; };
		4DD3C3C71B6F218700B6DA71 /* ic_share@2x.png */ = {isa = PBXFileReference; lastKnownFileType = image.png; path = "ic_share@2x.png"; sourceTree = "<group>"; };
		4DD3C3C81B6F218700B6DA71 /* ic_share@3x.png */ = {isa = PBXFileReference; lastKnownFileType = image.png; path = "ic_share@3x.png"; sourceTree = "<group>"; };
		4DD3C3CB1B6F218700B6DA71 /* arrow_white.png */ = {isa = PBXFileReference; lastKnownFileType = image.png; path = arrow_white.png; sourceTree = "<group>"; };
		4DD3C3CC1B6F218700B6DA71 /* arrow_white@2x.png */ = {isa = PBXFileReference; lastKnownFileType = image.png; path = "arrow_white@2x.png"; sourceTree = "<group>"; };
		4DD3C3CD1B6F218700B6DA71 /* arrow_white@3x.png */ = {isa = PBXFileReference; lastKnownFileType = image.png; path = "arrow_white@3x.png"; sourceTree = "<group>"; };
		4DD3C3CE1B6F218700B6DA71 /* avatarDefault.png */ = {isa = PBXFileReference; lastKnownFileType = image.png; path = avatarDefault.png; sourceTree = "<group>"; };
		4DD3C3CF1B6F218700B6DA71 /* avatarDefault@2x.png */ = {isa = PBXFileReference; lastKnownFileType = image.png; path = "avatarDefault@2x.png"; sourceTree = "<group>"; };
		4DD3C3D01B6F218700B6DA71 /* avatarDefault@3x.png */ = {isa = PBXFileReference; lastKnownFileType = image.png; path = "avatarDefault@3x.png"; sourceTree = "<group>"; };
		4DD3C3D11B6F218700B6DA71 /* cancel.png */ = {isa = PBXFileReference; lastKnownFileType = image.png; path = cancel.png; sourceTree = "<group>"; };
		4DD3C3D21B6F218700B6DA71 /* cancel@2x.png */ = {isa = PBXFileReference; lastKnownFileType = image.png; path = "cancel@2x.png"; sourceTree = "<group>"; };
		4DD3C3D31B6F218700B6DA71 /* cancel@3x.png */ = {isa = PBXFileReference; lastKnownFileType = image.png; path = "cancel@3x.png"; sourceTree = "<group>"; };
		552BD5601BA1362A00BF316C /* GoogleMobileAds.framework */ = {isa = PBXFileReference; lastKnownFileType = wrapper.framework; path = GoogleMobileAds.framework; sourceTree = "<group>"; };
		552BD5621BA1362A00BF316C /* GADMAdNetworkAdapterProtocol.h */ = {isa = PBXFileReference; fileEncoding = 4; lastKnownFileType = sourcecode.c.h; path = GADMAdNetworkAdapterProtocol.h; sourceTree = "<group>"; };
		552BD5631BA1362A00BF316C /* GADMAdNetworkConnectorProtocol.h */ = {isa = PBXFileReference; fileEncoding = 4; lastKnownFileType = sourcecode.c.h; path = GADMAdNetworkConnectorProtocol.h; sourceTree = "<group>"; };
		552BD5641BA1362A00BF316C /* GADMEnums.h */ = {isa = PBXFileReference; fileEncoding = 4; lastKnownFileType = sourcecode.c.h; path = GADMEnums.h; sourceTree = "<group>"; };
		552BD5651BA1362A00BF316C /* GADMRewardBasedVideoAdNetworkAdapterProtocol.h */ = {isa = PBXFileReference; fileEncoding = 4; lastKnownFileType = sourcecode.c.h; path = GADMRewardBasedVideoAdNetworkAdapterProtocol.h; sourceTree = "<group>"; };
		552BD5661BA1362A00BF316C /* GADMRewardBasedVideoAdNetworkConnectorProtocol.h */ = {isa = PBXFileReference; fileEncoding = 4; lastKnownFileType = sourcecode.c.h; path = GADMRewardBasedVideoAdNetworkConnectorProtocol.h; sourceTree = "<group>"; };
		552BD5671BA1362A00BF316C /* README.txt */ = {isa = PBXFileReference; fileEncoding = 4; lastKnownFileType = text; path = README.txt; sourceTree = "<group>"; };
		552BD5681BA1362A00BF316C /* README.txt */ = {isa = PBXFileReference; fileEncoding = 4; lastKnownFileType = text; path = README.txt; sourceTree = "<group>"; };
		552BD5981BA15F7200BF316C /* AboutViewController.h */ = {isa = PBXFileReference; fileEncoding = 4; lastKnownFileType = sourcecode.c.h; path = AboutViewController.h; sourceTree = "<group>"; };
		552BD5991BA15F7200BF316C /* AboutViewController.m */ = {isa = PBXFileReference; fileEncoding = 4; lastKnownFileType = sourcecode.c.objc; path = AboutViewController.m; sourceTree = "<group>"; };
		552BD59A1BA15F7200BF316C /* AboutViewController.xib */ = {isa = PBXFileReference; fileEncoding = 4; lastKnownFileType = file.xib; path = AboutViewController.xib; sourceTree = "<group>"; };
		552BD59B1BA15F7200BF316C /* SettingsViewController.h */ = {isa = PBXFileReference; fileEncoding = 4; lastKnownFileType = sourcecode.c.h; path = SettingsViewController.h; sourceTree = "<group>"; };
		552BD59C1BA15F7200BF316C /* SettingsViewController.m */ = {isa = PBXFileReference; fileEncoding = 4; lastKnownFileType = sourcecode.c.objc; path = SettingsViewController.m; sourceTree = "<group>"; };
		552BD59D1BA15F7200BF316C /* SettingsViewController.xib */ = {isa = PBXFileReference; fileEncoding = 4; lastKnownFileType = file.xib; path = SettingsViewController.xib; sourceTree = "<group>"; };
		552BD5A21BA15FE600BF316C /* ic_home.png */ = {isa = PBXFileReference; lastKnownFileType = image.png; path = ic_home.png; sourceTree = "<group>"; };
		552BD5A31BA15FE600BF316C /* ic_home@2x.png */ = {isa = PBXFileReference; lastKnownFileType = image.png; path = "ic_home@2x.png"; sourceTree = "<group>"; };
		552BD5A41BA15FE600BF316C /* ic_home@3x.png */ = {isa = PBXFileReference; lastKnownFileType = image.png; path = "ic_home@3x.png"; sourceTree = "<group>"; };
		552BD5A81BA1621500BF316C /* About.txt */ = {isa = PBXFileReference; fileEncoding = 4; lastKnownFileType = text; name = About.txt; path = Resource/About.txt; sourceTree = "<group>"; };
		552BD5AA1BA1738D00BF316C /* SpeedTableViewCell.h */ = {isa = PBXFileReference; fileEncoding = 4; lastKnownFileType = sourcecode.c.h; path = SpeedTableViewCell.h; sourceTree = "<group>"; };
		552BD5AB1BA1738D00BF316C /* SpeedTableViewCell.m */ = {isa = PBXFileReference; fileEncoding = 4; lastKnownFileType = sourcecode.c.objc; path = SpeedTableViewCell.m; sourceTree = "<group>"; };
		552BD5AC1BA1738D00BF316C /* SpeedTableViewCell.xib */ = {isa = PBXFileReference; fileEncoding = 4; lastKnownFileType = file.xib; path = SpeedTableViewCell.xib; sourceTree = "<group>"; };
		552BD5AF1BA175E300BF316C /* ic_rabbit.png */ = {isa = PBXFileReference; lastKnownFileType = image.png; path = ic_rabbit.png; sourceTree = "<group>"; };
		552BD5B01BA175E300BF316C /* ic_rabbit@2x.png */ = {isa = PBXFileReference; lastKnownFileType = image.png; path = "ic_rabbit@2x.png"; sourceTree = "<group>"; };
		552BD5B11BA175E300BF316C /* ic_rabbit@3x.png */ = {isa = PBXFileReference; lastKnownFileType = image.png; path = "ic_rabbit@3x.png"; sourceTree = "<group>"; };
		552BD5B21BA175E300BF316C /* ic_turtle.png */ = {isa = PBXFileReference; lastKnownFileType = image.png; path = ic_turtle.png; sourceTree = "<group>"; };
		552BD5B31BA175E300BF316C /* ic_turtle@2x.png */ = {isa = PBXFileReference; lastKnownFileType = image.png; path = "ic_turtle@2x.png"; sourceTree = "<group>"; };
		552BD5B41BA175E300BF316C /* ic_turtle@3x.png */ = {isa = PBXFileReference; lastKnownFileType = image.png; path = "ic_turtle@3x.png"; sourceTree = "<group>"; };
		552BD5BB1BA178A500BF316C /* DailyTargetViewController.h */ = {isa = PBXFileReference; fileEncoding = 4; lastKnownFileType = sourcecode.c.h; path = DailyTargetViewController.h; sourceTree = "<group>"; };
		552BD5BC1BA178A500BF316C /* DailyTargetViewController.m */ = {isa = PBXFileReference; fileEncoding = 4; lastKnownFileType = sourcecode.c.objc; path = DailyTargetViewController.m; sourceTree = "<group>"; };
		552BD5BD1BA178A500BF316C /* DailyTargetViewController.xib */ = {isa = PBXFileReference; fileEncoding = 4; lastKnownFileType = file.xib; path = DailyTargetViewController.xib; sourceTree = "<group>"; };
		552BD5C01BA17A6900BF316C /* NotificationTableViewCell.h */ = {isa = PBXFileReference; fileEncoding = 4; lastKnownFileType = sourcecode.c.h; path = NotificationTableViewCell.h; sourceTree = "<group>"; };
		552BD5C11BA17A6900BF316C /* NotificationTableViewCell.m */ = {isa = PBXFileReference; fileEncoding = 4; lastKnownFileType = sourcecode.c.objc; path = NotificationTableViewCell.m; sourceTree = "<group>"; };
		552BD5C21BA17A6900BF316C /* NotificationTableViewCell.xib */ = {isa = PBXFileReference; fileEncoding = 4; lastKnownFileType = file.xib; path = NotificationTableViewCell.xib; sourceTree = "<group>"; };
		552BD5C51BA17BF100BF316C /* TimeTableViewCell.h */ = {isa = PBXFileReference; fileEncoding = 4; lastKnownFileType = sourcecode.c.h; path = TimeTableViewCell.h; sourceTree = "<group>"; };
		552BD5C61BA17BF100BF316C /* TimeTableViewCell.m */ = {isa = PBXFileReference; fileEncoding = 4; lastKnownFileType = sourcecode.c.objc; path = TimeTableViewCell.m; sourceTree = "<group>"; };
		552BD5C71BA17BF100BF316C /* TimeTableViewCell.xib */ = {isa = PBXFileReference; fileEncoding = 4; lastKnownFileType = file.xib; path = TimeTableViewCell.xib; sourceTree = "<group>"; };
		552DC76F1B86BD1E00770FA1 /* WordObject.h */ = {isa = PBXFileReference; fileEncoding = 4; lastKnownFileType = sourcecode.c.h; name = WordObject.h; path = Objects/WordObject.h; sourceTree = "<group>"; };
		552DC7701B86BD1E00770FA1 /* WordObject.m */ = {isa = PBXFileReference; fileEncoding = 4; lastKnownFileType = sourcecode.c.objc; name = WordObject.m; path = Objects/WordObject.m; sourceTree = "<group>"; };
		552DC7721B871C9900770FA1 /* Algorithm.m */ = {isa = PBXFileReference; fileEncoding = 4; lastKnownFileType = sourcecode.c.objc; name = Algorithm.m; path = Common/Algorithm.m; sourceTree = "<group>"; };
		552DC7731B871C9900770FA1 /* Algorithm.h */ = {isa = PBXFileReference; fileEncoding = 4; lastKnownFileType = sourcecode.c.h; name = Algorithm.h; path = Common/Algorithm.h; sourceTree = "<group>"; };
		552DC7761B87292F00770FA1 /* StudiedListViewController.h */ = {isa = PBXFileReference; fileEncoding = 4; lastKnownFileType = sourcecode.c.h; name = StudiedListViewController.h; path = List/StudiedListViewController.h; sourceTree = "<group>"; };
		552DC7771B87292F00770FA1 /* StudiedListViewController.m */ = {isa = PBXFileReference; fileEncoding = 4; lastKnownFileType = sourcecode.c.objc; name = StudiedListViewController.m; path = List/StudiedListViewController.m; sourceTree = "<group>"; };
		552DC7781B87292F00770FA1 /* StudiedListViewController.xib */ = {isa = PBXFileReference; fileEncoding = 4; lastKnownFileType = file.xib; name = StudiedListViewController.xib; path = List/StudiedListViewController.xib; sourceTree = "<group>"; };
		552DC77B1B872A4F00770FA1 /* StudiedTableViewCell.h */ = {isa = PBXFileReference; fileEncoding = 4; lastKnownFileType = sourcecode.c.h; name = StudiedTableViewCell.h; path = List/StudiedTableViewCell.h; sourceTree = "<group>"; };
		552DC77C1B872A4F00770FA1 /* StudiedTableViewCell.m */ = {isa = PBXFileReference; fileEncoding = 4; lastKnownFileType = sourcecode.c.objc; name = StudiedTableViewCell.m; path = List/StudiedTableViewCell.m; sourceTree = "<group>"; };
		552DC77D1B872A4F00770FA1 /* StudiedTableViewCell.xib */ = {isa = PBXFileReference; fileEncoding = 4; lastKnownFileType = file.xib; name = StudiedTableViewCell.xib; path = List/StudiedTableViewCell.xib; sourceTree = "<group>"; };
		553F782F1BA6D12800D15876 /* Images.xcassets */ = {isa = PBXFileReference; lastKnownFileType = folder.assetcatalog; path = Images.xcassets; sourceTree = "<group>"; };
		553F78311BA6D39400D15876 /* rearBanner.png */ = {isa = PBXFileReference; lastKnownFileType = image.png; path = rearBanner.png; sourceTree = "<group>"; };
		553F78321BA6D39400D15876 /* rearBanner@2x.png */ = {isa = PBXFileReference; lastKnownFileType = image.png; path = "rearBanner@2x.png"; sourceTree = "<group>"; };
		553F78331BA6D39400D15876 /* rearBanner@3x.png */ = {isa = PBXFileReference; lastKnownFileType = image.png; path = "rearBanner@3x.png"; sourceTree = "<group>"; };
		5543303D1B8C21D5001DFB6F /* SearchViewController.h */ = {isa = PBXFileReference; fileEncoding = 4; lastKnownFileType = sourcecode.c.h; name = SearchViewController.h; path = Mainsreen/SearchViewController.h; sourceTree = "<group>"; };
		5543303E1B8C21D5001DFB6F /* SearchViewController.m */ = {isa = PBXFileReference; fileEncoding = 4; lastKnownFileType = sourcecode.c.objc; name = SearchViewController.m; path = Mainsreen/SearchViewController.m; sourceTree = "<group>"; };
		5543303F1B8C21D5001DFB6F /* SearchViewController.xib */ = {isa = PBXFileReference; fileEncoding = 4; lastKnownFileType = file.xib; name = SearchViewController.xib; path = Mainsreen/SearchViewController.xib; sourceTree = "<group>"; };
		55457CBF1BA27DA100EFCD50 /* TimerViewController.h */ = {isa = PBXFileReference; fileEncoding = 4; lastKnownFileType = sourcecode.c.h; path = TimerViewController.h; sourceTree = "<group>"; };
		55457CC01BA27DA100EFCD50 /* TimerViewController.m */ = {isa = PBXFileReference; fileEncoding = 4; lastKnownFileType = sourcecode.c.objc; path = TimerViewController.m; sourceTree = "<group>"; };
		55457CC11BA27DA100EFCD50 /* TimerViewController.xib */ = {isa = PBXFileReference; fileEncoding = 4; lastKnownFileType = file.xib; path = TimerViewController.xib; sourceTree = "<group>"; };
		557D7A831B857DBD00834A44 /* libsqlite3.dylib */ = {isa = PBXFileReference; lastKnownFileType = "compiled.mach-o.dylib"; name = libsqlite3.dylib; path = usr/lib/libsqlite3.dylib; sourceTree = SDKROOT; };
		557D7AB11B857DFD00834A44 /* english.db */ = {isa = PBXFileReference; lastKnownFileType = file; path = english.db; sourceTree = "<group>"; };
		557D7AB91B8587AF00834A44 /* btnbg.png */ = {isa = PBXFileReference; lastKnownFileType = image.png; path = btnbg.png; sourceTree = "<group>"; };
		557D7ABA1B8587AF00834A44 /* btnbg@2x.png */ = {isa = PBXFileReference; lastKnownFileType = image.png; path = "btnbg@2x.png"; sourceTree = "<group>"; };
		557D7ABB1B8587AF00834A44 /* btnbg@3x.png */ = {isa = PBXFileReference; lastKnownFileType = image.png; path = "btnbg@3x.png"; sourceTree = "<group>"; };
		557D7AC01B858BE300834A44 /* StudyWordViewController.h */ = {isa = PBXFileReference; fileEncoding = 4; lastKnownFileType = sourcecode.c.h; name = StudyWordViewController.h; path = Mainsreen/StudyWordViewController.h; sourceTree = "<group>"; };
		557D7AC11B858BE300834A44 /* StudyWordViewController.m */ = {isa = PBXFileReference; fileEncoding = 4; lastKnownFileType = sourcecode.c.objc; name = StudyWordViewController.m; path = Mainsreen/StudyWordViewController.m; sourceTree = "<group>"; };
		557D7AC21B858BE300834A44 /* StudyWordViewController.xib */ = {isa = PBXFileReference; fileEncoding = 4; lastKnownFileType = file.xib; name = StudyWordViewController.xib; path = Mainsreen/StudyWordViewController.xib; sourceTree = "<group>"; };
		557D7AC51B85AF6500834A44 /* HTMLHelper.m */ = {isa = PBXFileReference; fileEncoding = 4; lastKnownFileType = sourcecode.c.objc; name = HTMLHelper.m; path = Common/HTMLHelper.m; sourceTree = "<group>"; };
		557D7AC61B85AF6500834A44 /* HTMLHelper.h */ = {isa = PBXFileReference; fileEncoding = 4; lastKnownFileType = sourcecode.c.h; name = HTMLHelper.h; path = Common/HTMLHelper.h; sourceTree = "<group>"; };
		557D7AC81B85B5B600834A44 /* ic_speaker.png */ = {isa = PBXFileReference; lastKnownFileType = image.png; path = ic_speaker.png; sourceTree = "<group>"; };
		557D7AC91B85B5B600834A44 /* ic_speaker@2x.png */ = {isa = PBXFileReference; lastKnownFileType = image.png; path = "ic_speaker@2x.png"; sourceTree = "<group>"; };
		557D7ACA1B85B5B600834A44 /* ic_speaker@3x.png */ = {isa = PBXFileReference; lastKnownFileType = image.png; path = "ic_speaker@3x.png"; sourceTree = "<group>"; };
/* End PBXFileReference section */

/* Begin PBXFrameworksBuildPhase section */
		4D35B33F1B6BC7C600EA67C2 /* Frameworks */ = {
			isa = PBXFrameworksBuildPhase;
			buildActionMask = 2147483647;
			files = (
				557D7A841B857DBD00834A44 /* libsqlite3.dylib in Frameworks */,
				4DD3C3991B6F191C00B6DA71 /* Bolts.framework in Frameworks */,
				552BD5691BA1362A00BF316C /* GoogleMobileAds.framework in Frameworks */,
				4DD3C39D1B6F191C00B6DA71 /* FBSDKCoreKit.framework in Frameworks */,
				4DD3C3A01B6F191C00B6DA71 /* FBSDKShareKit.framework in Frameworks */,
				4DD3C39F1B6F191C00B6DA71 /* FBSDKMessengerShareKit.framework in Frameworks */,
				4DD3C39E1B6F191C00B6DA71 /* FBSDKLoginKit.framework in Frameworks */,
				4DD3C39B1B6F191C00B6DA71 /* FBAudienceNetwork.framework in Frameworks */,
			);
			runOnlyForDeploymentPostprocessing = 0;
		};
		4D35B35B1B6BC7C600EA67C2 /* Frameworks */ = {
			isa = PBXFrameworksBuildPhase;
			buildActionMask = 2147483647;
			files = (
			);
			runOnlyForDeploymentPostprocessing = 0;
		};
/* End PBXFrameworksBuildPhase section */

/* Begin PBXGroup section */
		4D35B3391B6BC7C600EA67C2 = {
			isa = PBXGroup;
			children = (
				557D7A831B857DBD00834A44 /* libsqlite3.dylib */,
				4D35B3441B6BC7C600EA67C2 /* LazzyBee */,
				4D35B3611B6BC7C600EA67C2 /* LazzyBeeTests */,
				4D35B3431B6BC7C600EA67C2 /* Products */,
			);
			sourceTree = "<group>";
		};
		4D35B3431B6BC7C600EA67C2 /* Products */ = {
			isa = PBXGroup;
			children = (
				4D35B3421B6BC7C600EA67C2 /* LazzyBee.app */,
				4D35B35E1B6BC7C600EA67C2 /* LazzyBeeTests.xctest */,
			);
			name = Products;
			sourceTree = "<group>";
		};
		4D35B3441B6BC7C600EA67C2 /* LazzyBee */ = {
			isa = PBXGroup;
			children = (
				552BD5971BA15F7200BF316C /* Settings */,
				4D7C27631BABB556005B274E /* GTL */,
				552DC76E1B86BCC400770FA1 /* Objects */,
				4DD3C3BD1B6F217000B6DA71 /* Resource */,
				4DD3C3B01B6F1A9C00B6DA71 /* Common */,
				4DD3C3691B6F18D700B6DA71 /* RearViewController */,
				4DD3C3AA1B6F197800B6DA71 /* Home */,
				557D7ABF1B8589EF00834A44 /* Mainscreen */,
				552DC7751B8728F700770FA1 /* List */,
				4DD3C3791B6F191C00B6DA71 /* Lib */,
				4D35B3491B6BC7C600EA67C2 /* AppDelegate.h */,
				4D35B34A1B6BC7C600EA67C2 /* AppDelegate.m */,
				553F782F1BA6D12800D15876 /* Images.xcassets */,
				4D35B3451B6BC7C600EA67C2 /* Supporting Files */,
			);
			path = LazzyBee;
			sourceTree = "<group>";
		};
		4D35B3451B6BC7C600EA67C2 /* Supporting Files */ = {
			isa = PBXGroup;
			children = (
				4D35B3461B6BC7C600EA67C2 /* Info.plist */,
				4D35B3471B6BC7C600EA67C2 /* main.m */,
			);
			name = "Supporting Files";
			sourceTree = "<group>";
		};
		4D35B3611B6BC7C600EA67C2 /* LazzyBeeTests */ = {
			isa = PBXGroup;
			children = (
				4D35B3641B6BC7C600EA67C2 /* LazzyBeeTests.m */,
				4D35B3621B6BC7C600EA67C2 /* Supporting Files */,
			);
			path = LazzyBeeTests;
			sourceTree = "<group>";
		};
		4D35B3621B6BC7C600EA67C2 /* Supporting Files */ = {
			isa = PBXGroup;
			children = (
				4D35B3631B6BC7C600EA67C2 /* Info.plist */,
			);
			name = "Supporting Files";
			sourceTree = "<group>";
		};
		4D7C27631BABB556005B274E /* GTL */ = {
			isa = PBXGroup;
			children = (
				4D7C28081BABB6CB005B274E /* GTLBase64.h */,
				4D7C28091BABB6CB005B274E /* GTLBase64.m */,
				4D7C280A1BABB6CB005B274E /* GTLBatchQuery.h */,
				4D7C280B1BABB6CB005B274E /* GTLBatchQuery.m */,
				4D7C280C1BABB6CB005B274E /* GTLBatchResult.h */,
				4D7C280D1BABB6CB005B274E /* GTLBatchResult.m */,
				4D7C280E1BABB6CB005B274E /* GTLDateTime.h */,
				4D7C280F1BABB6CB005B274E /* GTLDateTime.m */,
				4D7C28101BABB6CB005B274E /* GTLDefines.h */,
				4D7C28111BABB6CB005B274E /* GTLErrorObject.h */,
				4D7C28121BABB6CB005B274E /* GTLErrorObject.m */,
				4D7C28131BABB6CB005B274E /* GTLFramework.h */,
				4D7C28141BABB6CB005B274E /* GTLFramework.m */,
				4D7C28151BABB6CB005B274E /* GTLJSONParser.h */,
				4D7C28161BABB6CB005B274E /* GTLJSONParser.m */,
				4D7C28171BABB6CB005B274E /* GTLObject.h */,
				4D7C28181BABB6CB005B274E /* GTLObject.m */,
				4D7C28191BABB6CB005B274E /* GTLQuery.h */,
				4D7C281A1BABB6CB005B274E /* GTLQuery.m */,
				4D7C281B1BABB6CB005B274E /* GTLRuntimeCommon.h */,
				4D7C281C1BABB6CB005B274E /* GTLRuntimeCommon.m */,
				4D7C281D1BABB6CB005B274E /* GTLService.h */,
				4D7C281E1BABB6CB005B274E /* GTLService.m */,
				4D7C281F1BABB6CB005B274E /* GTLTargetNamespace.h */,
				4D7C28201BABB6CB005B274E /* GTLUploadParameters.h */,
				4D7C28211BABB6CB005B274E /* GTLUploadParameters.m */,
				4D7C28221BABB6CB005B274E /* GTLUtilities.h */,
				4D7C28231BABB6CB005B274E /* GTLUtilities.m */,
				4D7C28241BABB6CB005B274E /* GTMGatherInputStream.h */,
				4D7C28251BABB6CB005B274E /* GTMGatherInputStream.m */,
				4D7C28261BABB6CB005B274E /* GTMHTTPFetcher.h */,
				4D7C28271BABB6CB005B274E /* GTMHTTPFetcher.m */,
				4D7C28281BABB6CB005B274E /* GTMHTTPFetcherLogging.h */,
				4D7C28291BABB6CB005B274E /* GTMHTTPFetcherLogging.m */,
				4D7C282A1BABB6CB005B274E /* GTMHTTPFetcherService.h */,
				4D7C282B1BABB6CB005B274E /* GTMHTTPFetcherService.m */,
				4D7C282C1BABB6CB005B274E /* GTMHTTPFetchHistory.h */,
				4D7C282D1BABB6CB005B274E /* GTMHTTPFetchHistory.m */,
				4D7C282E1BABB6CB005B274E /* GTMHTTPUploadFetcher.h */,
				4D7C282F1BABB6CB005B274E /* GTMHTTPUploadFetcher.m */,
				4D7C28301BABB6CB005B274E /* GTMMIMEDocument.h */,
				4D7C28311BABB6CB005B274E /* GTMMIMEDocument.m */,
				4D7C28321BABB6CB005B274E /* GTMOAuth2Authentication.h */,
				4D7C28331BABB6CB005B274E /* GTMOAuth2Authentication.m */,
				4D7C28341BABB6CB005B274E /* GTMOAuth2SignIn.h */,
				4D7C28351BABB6CB005B274E /* GTMOAuth2SignIn.m */,
				4D7C28361BABB6CB005B274E /* GTMOAuth2ViewControllerTouch.h */,
				4D7C28371BABB6CB005B274E /* GTMOAuth2ViewControllerTouch.m */,
				4D7C28381BABB6CB005B274E /* GTMOAuth2ViewTouch.xib */,
				4D7C28391BABB6CB005B274E /* GTMReadMonitorInputStream.h */,
				4D7C283A1BABB6CB005B274E /* GTMReadMonitorInputStream.m */,
			);
			name = GTL;
			sourceTree = "<group>";
		};
		4DD3C3691B6F18D700B6DA71 /* RearViewController */ = {
			isa = PBXGroup;
			children = (
				4DD3C36A1B6F18D700B6DA71 /* RearTableViewCell.h */,
				4DD3C36B1B6F18D700B6DA71 /* RearTableViewCell.m */,
				4DD3C36C1B6F18D700B6DA71 /* RearTableViewCell.xib */,
				4DD3C36D1B6F18D700B6DA71 /* RearViewController.h */,
				4DD3C36E1B6F18D700B6DA71 /* RearViewController.m */,
				4DD3C36F1B6F18D700B6DA71 /* RearViewController.xib */,
				4DD3C3701B6F18D700B6DA71 /* SubRearViewController.h */,
				4DD3C3711B6F18D700B6DA71 /* SubRearViewController.m */,
				4DD3C3721B6F18D700B6DA71 /* SubRearViewController.xib */,
			);
			path = RearViewController;
			sourceTree = "<group>";
		};
		4DD3C3791B6F191C00B6DA71 /* Lib */ = {
			isa = PBXGroup;
			children = (
				552BD55F1BA1362A00BF316C /* GoogleMobileAdsSdkiOS-7.4.1 */,
				4DD3C37A1B6F191C00B6DA71 /* AsyncImageView */,
				4DD3C37E1B6F191C00B6DA71 /* FacebookSDK */,
				4DD3C3891B6F191C00B6DA71 /* JASidePanel */,
				4DD3C38E1B6F191C00B6DA71 /* SVProgressHUD */,
			);
			path = Lib;
			sourceTree = "<group>";
		};
		4DD3C37A1B6F191C00B6DA71 /* AsyncImageView */ = {
			isa = PBXGroup;
			children = (
				4DD3C37B1B6F191C00B6DA71 /* AsyncImageView.h */,
				4DD3C37C1B6F191C00B6DA71 /* AsyncImageView.m */,
				4DD3C37D1B6F191C00B6DA71 /* LICENCE.md */,
			);
			path = AsyncImageView;
			sourceTree = "<group>";
		};
		4DD3C37E1B6F191C00B6DA71 /* FacebookSDK */ = {
			isa = PBXGroup;
			children = (
				4DD3C37F1B6F191C00B6DA71 /* Bolts.framework */,
				4DD3C3801B6F191C00B6DA71 /* FacebookSDK.strings */,
				4DD3C3811B6F191C00B6DA71 /* FBAudienceNetwork.framework */,
				4DD3C3821B6F191C00B6DA71 /* FBAudienceNetwork.README.txt */,
				4DD3C3831B6F191C00B6DA71 /* FBSDKCoreKit.framework */,
				4DD3C3841B6F191C00B6DA71 /* FBSDKLoginKit.framework */,
				4DD3C3851B6F191C00B6DA71 /* FBSDKMessengerShareKit.framework */,
				4DD3C3861B6F191C00B6DA71 /* FBSDKShareKit.framework */,
				4DD3C3871B6F191C00B6DA71 /* LICENSE */,
				4DD3C3881B6F191C00B6DA71 /* README.txt */,
			);
			path = FacebookSDK;
			sourceTree = "<group>";
		};
		4DD3C3891B6F191C00B6DA71 /* JASidePanel */ = {
			isa = PBXGroup;
			children = (
				4DD3C38A1B6F191C00B6DA71 /* JASidePanelController.h */,
				4DD3C38B1B6F191C00B6DA71 /* JASidePanelController.m */,
				4DD3C38C1B6F191C00B6DA71 /* UIViewController+JASidePanel.h */,
				4DD3C38D1B6F191C00B6DA71 /* UIViewController+JASidePanel.m */,
			);
			path = JASidePanel;
			sourceTree = "<group>";
		};
		4DD3C38E1B6F191C00B6DA71 /* SVProgressHUD */ = {
			isa = PBXGroup;
			children = (
				4DD3C38F1B6F191C00B6DA71 /* LICENSE.txt */,
				4DD3C3901B6F191C00B6DA71 /* README.textile */,
				4DD3C3911B6F191C00B6DA71 /* SVProgressHUD */,
				4DD3C3961B6F191C00B6DA71 /* SVProgressHUD.podspec */,
			);
			path = SVProgressHUD;
			sourceTree = "<group>";
		};
		4DD3C3911B6F191C00B6DA71 /* SVProgressHUD */ = {
			isa = PBXGroup;
			children = (
				4DD3C3921B6F191C00B6DA71 /* SVProgressHUD */,
			);
			path = SVProgressHUD;
			sourceTree = "<group>";
		};
		4DD3C3921B6F191C00B6DA71 /* SVProgressHUD */ = {
			isa = PBXGroup;
			children = (
				4DD3C3931B6F191C00B6DA71 /* SVProgressHUD.bundle */,
				4DD3C3941B6F191C00B6DA71 /* SVProgressHUD.h */,
				4DD3C3951B6F191C00B6DA71 /* SVProgressHUD.m */,
			);
			path = SVProgressHUD;
			sourceTree = "<group>";
		};
		4DD3C3AA1B6F197800B6DA71 /* Home */ = {
			isa = PBXGroup;
			children = (
				4DD3C3AB1B6F199B00B6DA71 /* HomeViewController.h */,
				4DD3C3AC1B6F199B00B6DA71 /* HomeViewController.m */,
				4DD3C3AD1B6F199B00B6DA71 /* HomeViewController.xib */,
			);
			name = Home;
			sourceTree = "<group>";
		};
		4DD3C3B01B6F1A9C00B6DA71 /* Common */ = {
			isa = PBXGroup;
			children = (
				552DC7721B871C9900770FA1 /* Algorithm.m */,
				552DC7731B871C9900770FA1 /* Algorithm.h */,
				557D7AC51B85AF6500834A44 /* HTMLHelper.m */,
				557D7AC61B85AF6500834A44 /* HTMLHelper.h */,
				3ED661861B8488C50030BB3F /* CommonSqlite.h */,
				3ED661871B8488C50030BB3F /* CommonSqlite.m */,
				4DD3C3B11B6F1AA700B6DA71 /* Common.h */,
				4DD3C3B21B6F1AA700B6DA71 /* Common.m */,
				4DD3C3B31B6F1AA700B6DA71 /* CommonAlert.h */,
				4DD3C3B41B6F1AA700B6DA71 /* CommonAlert.m */,
				4DD3C3B51B6F1AA700B6DA71 /* CommonDefine.h */,
				4DD3C3B61B6F1AA700B6DA71 /* CommonDefine.m */,
				4DD3C3B71B6F1AA700B6DA71 /* Reachability.h */,
				4DD3C3B81B6F1AA700B6DA71 /* Reachability.m */,
			);
			name = Common;
			sourceTree = "<group>";
		};
		4DD3C3BD1B6F217000B6DA71 /* Resource */ = {
			isa = PBXGroup;
			children = (
				552BD5A81BA1621500BF316C /* About.txt */,
				557D7AB01B857DFD00834A44 /* DB */,
				4DD3C3BE1B6F218700B6DA71 /* images */,
			);
			name = Resource;
			sourceTree = "<group>";
		};
		4DD3C3BE1B6F218700B6DA71 /* images */ = {
			isa = PBXGroup;
			children = (
				4DD3C3BF1B6F218700B6DA71 /* icons */,
				4DD3C3C91B6F218700B6DA71 /* logo */,
				4DD3C3CA1B6F218700B6DA71 /* others */,
			);
			name = images;
			path = Resource/images;
			sourceTree = "<group>";
		};
		4DD3C3BF1B6F218700B6DA71 /* icons */ = {
			isa = PBXGroup;
			children = (
				552BD5AF1BA175E300BF316C /* ic_rabbit.png */,
				552BD5B01BA175E300BF316C /* ic_rabbit@2x.png */,
				552BD5B11BA175E300BF316C /* ic_rabbit@3x.png */,
				552BD5B21BA175E300BF316C /* ic_turtle.png */,
				552BD5B31BA175E300BF316C /* ic_turtle@2x.png */,
				552BD5B41BA175E300BF316C /* ic_turtle@3x.png */,
				552BD5A21BA15FE600BF316C /* ic_home.png */,
				552BD5A31BA15FE600BF316C /* ic_home@2x.png */,
				552BD5A41BA15FE600BF316C /* ic_home@3x.png */,
				557D7AC81B85B5B600834A44 /* ic_speaker.png */,
				557D7AC91B85B5B600834A44 /* ic_speaker@2x.png */,
				557D7ACA1B85B5B600834A44 /* ic_speaker@3x.png */,
				4DD3C3C01B6F218700B6DA71 /* ic_heart.png */,
				4DD3C3C11B6F218700B6DA71 /* ic_heart@2x.png */,
				4DD3C3C21B6F218700B6DA71 /* ic_heart@3x.png */,
				4DD3C3C31B6F218700B6DA71 /* ic_setting.png */,
				4DD3C3C41B6F218700B6DA71 /* ic_setting@2x.png */,
				4DD3C3C51B6F218700B6DA71 /* ic_setting@3x.png */,
				4DD3C3C61B6F218700B6DA71 /* ic_share.png */,
				4DD3C3C71B6F218700B6DA71 /* ic_share@2x.png */,
				4DD3C3C81B6F218700B6DA71 /* ic_share@3x.png */,
			);
			path = icons;
			sourceTree = "<group>";
		};
		4DD3C3C91B6F218700B6DA71 /* logo */ = {
			isa = PBXGroup;
			children = (
			);
			path = logo;
			sourceTree = "<group>";
		};
		4DD3C3CA1B6F218700B6DA71 /* others */ = {
			isa = PBXGroup;
			children = (
				553F78311BA6D39400D15876 /* rearBanner.png */,
				553F78321BA6D39400D15876 /* rearBanner@2x.png */,
				553F78331BA6D39400D15876 /* rearBanner@3x.png */,
				557D7AB91B8587AF00834A44 /* btnbg.png */,
				557D7ABA1B8587AF00834A44 /* btnbg@2x.png */,
				557D7ABB1B8587AF00834A44 /* btnbg@3x.png */,
				4DD3C3CB1B6F218700B6DA71 /* arrow_white.png */,
				4DD3C3CC1B6F218700B6DA71 /* arrow_white@2x.png */,
				4DD3C3CD1B6F218700B6DA71 /* arrow_white@3x.png */,
				4DD3C3CE1B6F218700B6DA71 /* avatarDefault.png */,
				4DD3C3CF1B6F218700B6DA71 /* avatarDefault@2x.png */,
				4DD3C3D01B6F218700B6DA71 /* avatarDefault@3x.png */,
				4DD3C3D11B6F218700B6DA71 /* cancel.png */,
				4DD3C3D21B6F218700B6DA71 /* cancel@2x.png */,
				4DD3C3D31B6F218700B6DA71 /* cancel@3x.png */,
			);
			path = others;
			sourceTree = "<group>";
		};
		552BD55F1BA1362A00BF316C /* GoogleMobileAdsSdkiOS-7.4.1 */ = {
			isa = PBXGroup;
			children = (
				552BD5601BA1362A00BF316C /* GoogleMobileAds.framework */,
				552BD5611BA1362A00BF316C /* Mediation Adapters */,
				552BD5681BA1362A00BF316C /* README.txt */,
			);
			path = "GoogleMobileAdsSdkiOS-7.4.1";
			sourceTree = "<group>";
		};
		552BD5611BA1362A00BF316C /* Mediation Adapters */ = {
			isa = PBXGroup;
			children = (
				552BD5621BA1362A00BF316C /* GADMAdNetworkAdapterProtocol.h */,
				552BD5631BA1362A00BF316C /* GADMAdNetworkConnectorProtocol.h */,
				552BD5641BA1362A00BF316C /* GADMEnums.h */,
				552BD5651BA1362A00BF316C /* GADMRewardBasedVideoAdNetworkAdapterProtocol.h */,
				552BD5661BA1362A00BF316C /* GADMRewardBasedVideoAdNetworkConnectorProtocol.h */,
				552BD5671BA1362A00BF316C /* README.txt */,
			);
			path = "Mediation Adapters";
			sourceTree = "<group>";
		};
		552BD5971BA15F7200BF316C /* Settings */ = {
			isa = PBXGroup;
			children = (
				552BD5981BA15F7200BF316C /* AboutViewController.h */,
				552BD5991BA15F7200BF316C /* AboutViewController.m */,
				552BD59A1BA15F7200BF316C /* AboutViewController.xib */,
				552BD59B1BA15F7200BF316C /* SettingsViewController.h */,
				552BD59C1BA15F7200BF316C /* SettingsViewController.m */,
				552BD59D1BA15F7200BF316C /* SettingsViewController.xib */,
				552BD5BB1BA178A500BF316C /* DailyTargetViewController.h */,
				552BD5BC1BA178A500BF316C /* DailyTargetViewController.m */,
				552BD5BD1BA178A500BF316C /* DailyTargetViewController.xib */,
				552BD5AA1BA1738D00BF316C /* SpeedTableViewCell.h */,
				552BD5AB1BA1738D00BF316C /* SpeedTableViewCell.m */,
				552BD5AC1BA1738D00BF316C /* SpeedTableViewCell.xib */,
				552BD5C01BA17A6900BF316C /* NotificationTableViewCell.h */,
				552BD5C11BA17A6900BF316C /* NotificationTableViewCell.m */,
				552BD5C21BA17A6900BF316C /* NotificationTableViewCell.xib */,
				552BD5C51BA17BF100BF316C /* TimeTableViewCell.h */,
				552BD5C61BA17BF100BF316C /* TimeTableViewCell.m */,
				552BD5C71BA17BF100BF316C /* TimeTableViewCell.xib */,
				55457CBF1BA27DA100EFCD50 /* TimerViewController.h */,
				55457CC01BA27DA100EFCD50 /* TimerViewController.m */,
				55457CC11BA27DA100EFCD50 /* TimerViewController.xib */,
			);
			path = Settings;
			sourceTree = "<group>";
		};
		552DC76E1B86BCC400770FA1 /* Objects */ = {
			isa = PBXGroup;
			children = (
				552DC76F1B86BD1E00770FA1 /* WordObject.h */,
				552DC7701B86BD1E00770FA1 /* WordObject.m */,
			);
			name = Objects;
			sourceTree = "<group>";
		};
		552DC7751B8728F700770FA1 /* List */ = {
			isa = PBXGroup;
			children = (
				552DC7761B87292F00770FA1 /* StudiedListViewController.h */,
				552DC7771B87292F00770FA1 /* StudiedListViewController.m */,
				552DC7781B87292F00770FA1 /* StudiedListViewController.xib */,
				552DC77B1B872A4F00770FA1 /* StudiedTableViewCell.h */,
				552DC77C1B872A4F00770FA1 /* StudiedTableViewCell.m */,
				552DC77D1B872A4F00770FA1 /* StudiedTableViewCell.xib */,
			);
			name = List;
			sourceTree = "<group>";
		};
		557D7AB01B857DFD00834A44 /* DB */ = {
			isa = PBXGroup;
			children = (
				557D7AB11B857DFD00834A44 /* english.db */,
			);
			name = DB;
			path = Resource/DB;
			sourceTree = "<group>";
		};
		557D7ABF1B8589EF00834A44 /* Mainscreen */ = {
			isa = PBXGroup;
			children = (
				5543303D1B8C21D5001DFB6F /* SearchViewController.h */,
				5543303E1B8C21D5001DFB6F /* SearchViewController.m */,
				5543303F1B8C21D5001DFB6F /* SearchViewController.xib */,
				557D7AC01B858BE300834A44 /* StudyWordViewController.h */,
				557D7AC11B858BE300834A44 /* StudyWordViewController.m */,
				557D7AC21B858BE300834A44 /* StudyWordViewController.xib */,
			);
			name = Mainscreen;
			sourceTree = "<group>";
		};
/* End PBXGroup section */

/* Begin PBXNativeTarget section */
		4D35B3411B6BC7C600EA67C2 /* LazzyBee */ = {
			isa = PBXNativeTarget;
			buildConfigurationList = 4D35B3681B6BC7C600EA67C2 /* Build configuration list for PBXNativeTarget "LazzyBee" */;
			buildPhases = (
				4D35B33E1B6BC7C600EA67C2 /* Sources */,
				4D35B33F1B6BC7C600EA67C2 /* Frameworks */,
				4D35B3401B6BC7C600EA67C2 /* Resources */,
			);
			buildRules = (
			);
			dependencies = (
			);
			name = LazzyBee;
			productName = LazzyBee;
			productReference = 4D35B3421B6BC7C600EA67C2 /* LazzyBee.app */;
			productType = "com.apple.product-type.application";
		};
		4D35B35D1B6BC7C600EA67C2 /* LazzyBeeTests */ = {
			isa = PBXNativeTarget;
			buildConfigurationList = 4D35B36B1B6BC7C600EA67C2 /* Build configuration list for PBXNativeTarget "LazzyBeeTests" */;
			buildPhases = (
				4D35B35A1B6BC7C600EA67C2 /* Sources */,
				4D35B35B1B6BC7C600EA67C2 /* Frameworks */,
				4D35B35C1B6BC7C600EA67C2 /* Resources */,
			);
			buildRules = (
			);
			dependencies = (
				4D35B3601B6BC7C600EA67C2 /* PBXTargetDependency */,
			);
			name = LazzyBeeTests;
			productName = LazzyBeeTests;
			productReference = 4D35B35E1B6BC7C600EA67C2 /* LazzyBeeTests.xctest */;
			productType = "com.apple.product-type.bundle.unit-test";
		};
/* End PBXNativeTarget section */

/* Begin PBXProject section */
		4D35B33A1B6BC7C600EA67C2 /* Project object */ = {
			isa = PBXProject;
			attributes = {
				LastUpgradeCheck = 0640;
				ORGANIZATIONNAME = Born2go;
				TargetAttributes = {
					4D35B3411B6BC7C600EA67C2 = {
						CreatedOnToolsVersion = 6.4;
						DevelopmentTeam = 23G9UAL37D;
					};
					4D35B35D1B6BC7C600EA67C2 = {
						CreatedOnToolsVersion = 6.4;
						TestTargetID = 4D35B3411B6BC7C600EA67C2;
					};
				};
			};
			buildConfigurationList = 4D35B33D1B6BC7C600EA67C2 /* Build configuration list for PBXProject "LazzyBee" */;
			compatibilityVersion = "Xcode 3.2";
			developmentRegion = English;
			hasScannedForEncodings = 0;
			knownRegions = (
				en,
				Base,
			);
			mainGroup = 4D35B3391B6BC7C600EA67C2;
			productRefGroup = 4D35B3431B6BC7C600EA67C2 /* Products */;
			projectDirPath = "";
			projectRoot = "";
			targets = (
				4D35B3411B6BC7C600EA67C2 /* LazzyBee */,
				4D35B35D1B6BC7C600EA67C2 /* LazzyBeeTests */,
			);
		};
/* End PBXProject section */

/* Begin PBXResourcesBuildPhase section */
		4D35B3401B6BC7C600EA67C2 /* Resources */ = {
			isa = PBXResourcesBuildPhase;
			buildActionMask = 2147483647;
			files = (
				557D7AC41B858BE300834A44 /* StudyWordViewController.xib in Resources */,
				553F78301BA6D12800D15876 /* Images.xcassets in Resources */,
				4DD3C3D41B6F218700B6DA71 /* ic_heart.png in Resources */,
				552BD56B1BA1362A00BF316C /* README.txt in Resources */,
				552DC77F1B872A4F00770FA1 /* StudiedTableViewCell.xib in Resources */,
				4DD3C3DF1B6F218700B6DA71 /* arrow_white@3x.png in Resources */,
				552DC77A1B87292F00770FA1 /* StudiedListViewController.xib in Resources */,
				553F78351BA6D39400D15876 /* rearBanner@2x.png in Resources */,
				4DD3C3E21B6F218700B6DA71 /* avatarDefault@3x.png in Resources */,
				55457CC31BA27DA100EFCD50 /* TimerViewController.xib in Resources */,
				552BD5A91BA1621500BF316C /* About.txt in Resources */,
				4DD3C3D81B6F218700B6DA71 /* ic_setting@2x.png in Resources */,
				4DD3C39C1B6F191C00B6DA71 /* FBAudienceNetwork.README.txt in Resources */,
				557D7ABC1B8587AF00834A44 /* btnbg.png in Resources */,
				552BD5B51BA175E300BF316C /* ic_rabbit.png in Resources */,
				557D7ACD1B85B5B600834A44 /* ic_speaker@3x.png in Resources */,
				4D7C28521BABB6CB005B274E /* GTMOAuth2ViewTouch.xib in Resources */,
				4DD3C3DB1B6F218700B6DA71 /* ic_share@2x.png in Resources */,
				552BD5C41BA17A6900BF316C /* NotificationTableViewCell.xib in Resources */,
				557D7ACC1B85B5B600834A44 /* ic_speaker@2x.png in Resources */,
				4DD3C3E11B6F218700B6DA71 /* avatarDefault@2x.png in Resources */,
				557D7AB21B857DFD00834A44 /* english.db in Resources */,
				4DD3C3D51B6F218700B6DA71 /* ic_heart@2x.png in Resources */,
				4DD3C3DA1B6F218700B6DA71 /* ic_share.png in Resources */,
				552BD5A71BA15FE600BF316C /* ic_home@3x.png in Resources */,
				4DD3C3E41B6F218700B6DA71 /* cancel@2x.png in Resources */,
				4DD3C3DC1B6F218700B6DA71 /* ic_share@3x.png in Resources */,
				552BD5B81BA175E300BF316C /* ic_turtle.png in Resources */,
				552BD56A1BA1362A00BF316C /* README.txt in Resources */,
				4DD3C3AF1B6F199B00B6DA71 /* HomeViewController.xib in Resources */,
				552BD5A51BA15FE600BF316C /* ic_home.png in Resources */,
				552BD5AE1BA1738D00BF316C /* SpeedTableViewCell.xib in Resources */,
				554330411B8C21D5001DFB6F /* SearchViewController.xib in Resources */,
				552BD5B71BA175E300BF316C /* ic_rabbit@3x.png in Resources */,
				4DD3C3E01B6F218700B6DA71 /* avatarDefault.png in Resources */,
				4DD3C3E31B6F218700B6DA71 /* cancel.png in Resources */,
				4DD3C3781B6F18D700B6DA71 /* SubRearViewController.xib in Resources */,
				4DD3C3DD1B6F218700B6DA71 /* arrow_white.png in Resources */,
				4DD3C3A51B6F191C00B6DA71 /* LICENSE.txt in Resources */,
				552BD5B61BA175E300BF316C /* ic_rabbit@2x.png in Resources */,
				4DD3C3D91B6F218700B6DA71 /* ic_setting@3x.png in Resources */,
				4DD3C3D71B6F218700B6DA71 /* ic_setting.png in Resources */,
				4DD3C3A11B6F191C00B6DA71 /* LICENSE in Resources */,
				552BD59F1BA15F7200BF316C /* AboutViewController.xib in Resources */,
				4DD3C39A1B6F191C00B6DA71 /* FacebookSDK.strings in Resources */,
				557D7ACB1B85B5B600834A44 /* ic_speaker.png in Resources */,
				552BD5BA1BA175E300BF316C /* ic_turtle@3x.png in Resources */,
				557D7ABE1B8587AF00834A44 /* btnbg@3x.png in Resources */,
				553F78361BA6D39400D15876 /* rearBanner@3x.png in Resources */,
				4DD3C3761B6F18D700B6DA71 /* RearViewController.xib in Resources */,
				4DD3C3A61B6F191C00B6DA71 /* README.textile in Resources */,
				552BD5A11BA15F7200BF316C /* SettingsViewController.xib in Resources */,
				4DD3C3DE1B6F218700B6DA71 /* arrow_white@2x.png in Resources */,
				4DD3C3E51B6F218700B6DA71 /* cancel@3x.png in Resources */,
				552BD5B91BA175E300BF316C /* ic_turtle@2x.png in Resources */,
				4DD3C3A91B6F191C00B6DA71 /* SVProgressHUD.podspec in Resources */,
				552BD5A61BA15FE600BF316C /* ic_home@2x.png in Resources */,
				552BD5BF1BA178A500BF316C /* DailyTargetViewController.xib in Resources */,
				4DD3C3D61B6F218700B6DA71 /* ic_heart@3x.png in Resources */,
				557D7ABD1B8587AF00834A44 /* btnbg@2x.png in Resources */,
				553F78341BA6D39400D15876 /* rearBanner.png in Resources */,
				4DD3C3A21B6F191C00B6DA71 /* README.txt in Resources */,
				4DD3C3741B6F18D700B6DA71 /* RearTableViewCell.xib in Resources */,
				552BD5C91BA17BF100BF316C /* TimeTableViewCell.xib in Resources */,
				4DD3C3A71B6F191C00B6DA71 /* SVProgressHUD.bundle in Resources */,
			);
			runOnlyForDeploymentPostprocessing = 0;
		};
		4D35B35C1B6BC7C600EA67C2 /* Resources */ = {
			isa = PBXResourcesBuildPhase;
			buildActionMask = 2147483647;
			files = (
			);
			runOnlyForDeploymentPostprocessing = 0;
		};
/* End PBXResourcesBuildPhase section */

/* Begin PBXSourcesBuildPhase section */
		4D35B33E1B6BC7C600EA67C2 /* Sources */ = {
			isa = PBXSourcesBuildPhase;
			buildActionMask = 2147483647;
			files = (
				4DD3C3B91B6F1AA700B6DA71 /* Common.m in Sources */,
				4D7C284D1BABB6CB005B274E /* GTMHTTPUploadFetcher.m in Sources */,
				4D7C28511BABB6CB005B274E /* GTMOAuth2ViewControllerTouch.m in Sources */,
				4D7C28421BABB6CB005B274E /* GTLObject.m in Sources */,
				4D7C28531BABB6CB005B274E /* GTMReadMonitorInputStream.m in Sources */,
				4D7C28431BABB6CB005B274E /* GTLQuery.m in Sources */,
				4DD3C3A41B6F191C00B6DA71 /* UIViewController+JASidePanel.m in Sources */,
				4DD3C3771B6F18D700B6DA71 /* SubRearViewController.m in Sources */,
				552BD5AD1BA1738D00BF316C /* SpeedTableViewCell.m in Sources */,
				552BD5C81BA17BF100BF316C /* TimeTableViewCell.m in Sources */,
				4D7C284E1BABB6CB005B274E /* GTMMIMEDocument.m in Sources */,
				4DD3C3981B6F191C00B6DA71 /* LICENCE.md in Sources */,
				4D7C28491BABB6CB005B274E /* GTMHTTPFetcher.m in Sources */,
				4D7C28411BABB6CB005B274E /* GTLJSONParser.m in Sources */,
				3ED661881B8488C50030BB3F /* CommonSqlite.m in Sources */,
				4D7C283E1BABB6CB005B274E /* GTLDateTime.m in Sources */,
				552DC7741B871C9900770FA1 /* Algorithm.m in Sources */,
				4D7C284A1BABB6CB005B274E /* GTMHTTPFetcherLogging.m in Sources */,
				4D7C283F1BABB6CB005B274E /* GTLErrorObject.m in Sources */,
				4D7C284F1BABB6CB005B274E /* GTMOAuth2Authentication.m in Sources */,
				4D7C28401BABB6CB005B274E /* GTLFramework.m in Sources */,
				4DD3C3BC1B6F1AA700B6DA71 /* Reachability.m in Sources */,
				4D7C28451BABB6CB005B274E /* GTLService.m in Sources */,
				4DD3C3971B6F191C00B6DA71 /* AsyncImageView.m in Sources */,
				4DD3C3751B6F18D700B6DA71 /* RearViewController.m in Sources */,
				4D7C284C1BABB6CB005B274E /* GTMHTTPFetchHistory.m in Sources */,
				4D35B34B1B6BC7C600EA67C2 /* AppDelegate.m in Sources */,
				55457CC21BA27DA100EFCD50 /* TimerViewController.m in Sources */,
				4D7C283B1BABB6CB005B274E /* GTLBase64.m in Sources */,
				4D7C283C1BABB6CB005B274E /* GTLBatchQuery.m in Sources */,
				4D7C28481BABB6CB005B274E /* GTMGatherInputStream.m in Sources */,
				4DD3C3AE1B6F199B00B6DA71 /* HomeViewController.m in Sources */,
				4D7C28471BABB6CB005B274E /* GTLUtilities.m in Sources */,
				557D7AC31B858BE300834A44 /* StudyWordViewController.m in Sources */,
				4DD3C3731B6F18D700B6DA71 /* RearTableViewCell.m in Sources */,
				552DC7711B86BD1E00770FA1 /* WordObject.m in Sources */,
				4DD3C3A81B6F191C00B6DA71 /* SVProgressHUD.m in Sources */,
				552BD5C31BA17A6900BF316C /* NotificationTableViewCell.m in Sources */,
				4D7C284B1BABB6CB005B274E /* GTMHTTPFetcherService.m in Sources */,
				4D7C283D1BABB6CB005B274E /* GTLBatchResult.m in Sources */,
				4DD3C3BA1B6F1AA700B6DA71 /* CommonAlert.m in Sources */,
				4D7C28441BABB6CB005B274E /* GTLRuntimeCommon.m in Sources */,
				4D7C28461BABB6CB005B274E /* GTLUploadParameters.m in Sources */,
				4D7C28501BABB6CB005B274E /* GTMOAuth2SignIn.m in Sources */,
				4DD3C3A31B6F191C00B6DA71 /* JASidePanelController.m in Sources */,
				4D35B3481B6BC7C600EA67C2 /* main.m in Sources */,
				552BD59E1BA15F7200BF316C /* AboutViewController.m in Sources */,
				552DC77E1B872A4F00770FA1 /* StudiedTableViewCell.m in Sources */,
				557D7AC71B85AF6500834A44 /* HTMLHelper.m in Sources */,
				4DD3C3BB1B6F1AA700B6DA71 /* CommonDefine.m in Sources */,
				552BD5A01BA15F7200BF316C /* SettingsViewController.m in Sources */,
				552DC7791B87292F00770FA1 /* StudiedListViewController.m in Sources */,
				554330401B8C21D5001DFB6F /* SearchViewController.m in Sources */,
				552BD5BE1BA178A500BF316C /* DailyTargetViewController.m in Sources */,
			);
			runOnlyForDeploymentPostprocessing = 0;
		};
		4D35B35A1B6BC7C600EA67C2 /* Sources */ = {
			isa = PBXSourcesBuildPhase;
			buildActionMask = 2147483647;
			files = (
				4D35B3651B6BC7C600EA67C2 /* LazzyBeeTests.m in Sources */,
			);
			runOnlyForDeploymentPostprocessing = 0;
		};
/* End PBXSourcesBuildPhase section */

/* Begin PBXTargetDependency section */
		4D35B3601B6BC7C600EA67C2 /* PBXTargetDependency */ = {
			isa = PBXTargetDependency;
			target = 4D35B3411B6BC7C600EA67C2 /* LazzyBee */;
			targetProxy = 4D35B35F1B6BC7C600EA67C2 /* PBXContainerItemProxy */;
		};
/* End PBXTargetDependency section */

/* Begin XCBuildConfiguration section */
		4D35B3661B6BC7C600EA67C2 /* Debug */ = {
			isa = XCBuildConfiguration;
			buildSettings = {
				ALWAYS_SEARCH_USER_PATHS = NO;
				CLANG_CXX_LANGUAGE_STANDARD = "gnu++0x";
				CLANG_CXX_LIBRARY = "libc++";
				CLANG_ENABLE_MODULES = YES;
				CLANG_ENABLE_OBJC_ARC = YES;
				CLANG_WARN_BOOL_CONVERSION = YES;
				CLANG_WARN_CONSTANT_CONVERSION = YES;
				CLANG_WARN_DIRECT_OBJC_ISA_USAGE = YES_ERROR;
				CLANG_WARN_EMPTY_BODY = YES;
				CLANG_WARN_ENUM_CONVERSION = YES;
				CLANG_WARN_INT_CONVERSION = YES;
				CLANG_WARN_OBJC_ROOT_CLASS = YES_ERROR;
				CLANG_WARN_UNREACHABLE_CODE = YES;
				CLANG_WARN__DUPLICATE_METHOD_MATCH = YES;
				"CODE_SIGN_IDENTITY[sdk=iphoneos*]" = "iPhone Developer";
				COPY_PHASE_STRIP = NO;
				DEBUG_INFORMATION_FORMAT = "dwarf-with-dsym";
				ENABLE_STRICT_OBJC_MSGSEND = YES;
				GCC_C_LANGUAGE_STANDARD = gnu99;
				GCC_DYNAMIC_NO_PIC = NO;
				GCC_NO_COMMON_BLOCKS = YES;
				GCC_OPTIMIZATION_LEVEL = 0;
				GCC_PREPROCESSOR_DEFINITIONS = (
					"DEBUG=1",
					"$(inherited)",
				);
				GCC_SYMBOLS_PRIVATE_EXTERN = NO;
				GCC_WARN_64_TO_32_BIT_CONVERSION = YES;
				GCC_WARN_ABOUT_RETURN_TYPE = YES_ERROR;
				GCC_WARN_UNDECLARED_SELECTOR = YES;
				GCC_WARN_UNINITIALIZED_AUTOS = YES_AGGRESSIVE;
				GCC_WARN_UNUSED_FUNCTION = YES;
				GCC_WARN_UNUSED_VARIABLE = YES;
				IPHONEOS_DEPLOYMENT_TARGET = 7.0;
				MTL_ENABLE_DEBUG_INFO = YES;
				ONLY_ACTIVE_ARCH = YES;
				SDKROOT = iphoneos;
				TARGETED_DEVICE_FAMILY = "1,2";
			};
			name = Debug;
		};
		4D35B3671B6BC7C600EA67C2 /* Release */ = {
			isa = XCBuildConfiguration;
			buildSettings = {
				ALWAYS_SEARCH_USER_PATHS = NO;
				CLANG_CXX_LANGUAGE_STANDARD = "gnu++0x";
				CLANG_CXX_LIBRARY = "libc++";
				CLANG_ENABLE_MODULES = YES;
				CLANG_ENABLE_OBJC_ARC = YES;
				CLANG_WARN_BOOL_CONVERSION = YES;
				CLANG_WARN_CONSTANT_CONVERSION = YES;
				CLANG_WARN_DIRECT_OBJC_ISA_USAGE = YES_ERROR;
				CLANG_WARN_EMPTY_BODY = YES;
				CLANG_WARN_ENUM_CONVERSION = YES;
				CLANG_WARN_INT_CONVERSION = YES;
				CLANG_WARN_OBJC_ROOT_CLASS = YES_ERROR;
				CLANG_WARN_UNREACHABLE_CODE = YES;
				CLANG_WARN__DUPLICATE_METHOD_MATCH = YES;
				"CODE_SIGN_IDENTITY[sdk=iphoneos*]" = "iPhone Developer";
				COPY_PHASE_STRIP = NO;
				DEBUG_INFORMATION_FORMAT = "dwarf-with-dsym";
				ENABLE_NS_ASSERTIONS = NO;
				ENABLE_STRICT_OBJC_MSGSEND = YES;
				GCC_C_LANGUAGE_STANDARD = gnu99;
				GCC_NO_COMMON_BLOCKS = YES;
				GCC_WARN_64_TO_32_BIT_CONVERSION = YES;
				GCC_WARN_ABOUT_RETURN_TYPE = YES_ERROR;
				GCC_WARN_UNDECLARED_SELECTOR = YES;
				GCC_WARN_UNINITIALIZED_AUTOS = YES_AGGRESSIVE;
				GCC_WARN_UNUSED_FUNCTION = YES;
				GCC_WARN_UNUSED_VARIABLE = YES;
				IPHONEOS_DEPLOYMENT_TARGET = 7.0;
				MTL_ENABLE_DEBUG_INFO = NO;
				SDKROOT = iphoneos;
				TARGETED_DEVICE_FAMILY = "1,2";
				VALIDATE_PRODUCT = YES;
			};
			name = Release;
		};
		4D35B3691B6BC7C600EA67C2 /* Debug */ = {
			isa = XCBuildConfiguration;
			buildSettings = {
				ASSETCATALOG_COMPILER_APPICON_NAME = AppIcon;
				ASSETCATALOG_COMPILER_LAUNCHIMAGE_NAME = LaunchImage;
				CODE_SIGN_IDENTITY = "iPhone Developer: Keoviengthen Vongthongchith (Y2348U7M67)";
				"CODE_SIGN_IDENTITY[sdk=iphoneos*]" = "iPhone Developer: Keoviengthen Vongthongchith (Y2348U7M67)";
				FRAMEWORK_SEARCH_PATHS = (
					"$(inherited)",
					"$(PROJECT_DIR)/LazzyBee/Lib/FacebookSDK",
					"$(PROJECT_DIR)/LazzyBee/Lib/GoogleMobileAdsSdkiOS-7.4.1",
				);
				INFOPLIST_FILE = LazzyBee/Info.plist;
				IPHONEOS_DEPLOYMENT_TARGET = 7.0;
				LD_RUNPATH_SEARCH_PATHS = "$(inherited) @executable_path/Frameworks";
				PRODUCT_NAME = "$(TARGET_NAME)";
				PROVISIONING_PROFILE = "91a4bb95-0565-4bfe-af4f-44266df49017";
				TARGETED_DEVICE_FAMILY = "1,2";
			};
			name = Debug;
		};
		4D35B36A1B6BC7C600EA67C2 /* Release */ = {
			isa = XCBuildConfiguration;
			buildSettings = {
				ASSETCATALOG_COMPILER_APPICON_NAME = AppIcon;
				ASSETCATALOG_COMPILER_LAUNCHIMAGE_NAME = LaunchImage;
				CODE_SIGN_IDENTITY = "iPhone Developer: Keoviengthen Vongthongchith (Y2348U7M67)";
				"CODE_SIGN_IDENTITY[sdk=iphoneos*]" = "iPhone Developer: Keoviengthen Vongthongchith (Y2348U7M67)";
				FRAMEWORK_SEARCH_PATHS = (
					"$(inherited)",
					"$(PROJECT_DIR)/LazzyBee/Lib/FacebookSDK",
					"$(PROJECT_DIR)/LazzyBee/Lib/GoogleMobileAdsSdkiOS-7.4.1",
				);
				INFOPLIST_FILE = LazzyBee/Info.plist;
				IPHONEOS_DEPLOYMENT_TARGET = 7.0;
				LD_RUNPATH_SEARCH_PATHS = "$(inherited) @executable_path/Frameworks";
				PRODUCT_NAME = "$(TARGET_NAME)";
				PROVISIONING_PROFILE = "91a4bb95-0565-4bfe-af4f-44266df49017";
				TARGETED_DEVICE_FAMILY = "1,2";
			};
			name = Release;
		};
		4D35B36C1B6BC7C600EA67C2 /* Debug */ = {
			isa = XCBuildConfiguration;
			buildSettings = {
				BUNDLE_LOADER = "$(TEST_HOST)";
				FRAMEWORK_SEARCH_PATHS = (
					"$(SDKROOT)/Developer/Library/Frameworks",
					"$(inherited)",
				);
				GCC_PREPROCESSOR_DEFINITIONS = (
					"DEBUG=1",
					"$(inherited)",
				);
				INFOPLIST_FILE = LazzyBeeTests/Info.plist;
				LD_RUNPATH_SEARCH_PATHS = "$(inherited) @executable_path/Frameworks @loader_path/Frameworks";
				PRODUCT_NAME = "$(TARGET_NAME)";
				TEST_HOST = "$(BUILT_PRODUCTS_DIR)/LazzyBee.app/LazzyBee";
			};
			name = Debug;
		};
		4D35B36D1B6BC7C600EA67C2 /* Release */ = {
			isa = XCBuildConfiguration;
			buildSettings = {
				BUNDLE_LOADER = "$(TEST_HOST)";
				FRAMEWORK_SEARCH_PATHS = (
					"$(SDKROOT)/Developer/Library/Frameworks",
					"$(inherited)",
				);
				INFOPLIST_FILE = LazzyBeeTests/Info.plist;
				LD_RUNPATH_SEARCH_PATHS = "$(inherited) @executable_path/Frameworks @loader_path/Frameworks";
				PRODUCT_NAME = "$(TARGET_NAME)";
				TEST_HOST = "$(BUILT_PRODUCTS_DIR)/LazzyBee.app/LazzyBee";
			};
			name = Release;
		};
/* End XCBuildConfiguration section */

/* Begin XCConfigurationList section */
		4D35B33D1B6BC7C600EA67C2 /* Build configuration list for PBXProject "LazzyBee" */ = {
			isa = XCConfigurationList;
			buildConfigurations = (
				4D35B3661B6BC7C600EA67C2 /* Debug */,
				4D35B3671B6BC7C600EA67C2 /* Release */,
			);
			defaultConfigurationIsVisible = 0;
			defaultConfigurationName = Release;
		};
		4D35B3681B6BC7C600EA67C2 /* Build configuration list for PBXNativeTarget "LazzyBee" */ = {
			isa = XCConfigurationList;
			buildConfigurations = (
				4D35B3691B6BC7C600EA67C2 /* Debug */,
				4D35B36A1B6BC7C600EA67C2 /* Release */,
			);
			defaultConfigurationIsVisible = 0;
			defaultConfigurationName = Release;
		};
		4D35B36B1B6BC7C600EA67C2 /* Build configuration list for PBXNativeTarget "LazzyBeeTests" */ = {
			isa = XCConfigurationList;
			buildConfigurations = (
				4D35B36C1B6BC7C600EA67C2 /* Debug */,
				4D35B36D1B6BC7C600EA67C2 /* Release */,
			);
			defaultConfigurationIsVisible = 0;
			defaultConfigurationName = Release;
		};
/* End XCConfigurationList section */
	};
	rootObject = 4D35B33A1B6BC7C600EA67C2 /* Project object */;
}
